{
  "pins" : [
    {
      "identity" : "absolutesolver-ios",
      "kind" : "remoteSourceControl",
      "location" : "https://github.com/BomberFish/AbsoluteSolver-iOS",
      "state" : {
        "branch" : "main",
        "revision" : "0725293ba9fe294b8fa0a7dc94a79f6047de0624"
      }
    },
    {
      "identity" : "dirtycowkit",
      "kind" : "remoteSourceControl",
      "location" : "https://github.com/BomberFish/DirtyCowKit",
      "state" : {
        "branch" : "main",
        "revision" : "c392212bb0966089a73de4c0622cbd94a430ae20"
      }
    },
    {
      "identity" : "dynamic",
      "kind" : "remoteSourceControl",
      "location" : "https://github.com/mhdhejazi/Dynamic",
      "state" : {
        "revision" : "ab9a2570862d54aed2663691bb767f881226a12f",
        "version" : "1.2.0"
      }
    },
    {
      "identity" : "filepicker",
      "kind" : "remoteSourceControl",
      "location" : "https://github.com/markrenaud/FilePicker",
      "state" : {
        "revision" : "720f8cb5ca0c0efc982ed381afc84ba3e8b3214e",
        "version" : "1.0.1"
      }
    },
    {
      "identity" : "fluidgradient",
      "kind" : "remoteSourceControl",
      "location" : "https://github.com/Cindori/FluidGradient",
      "state" : {
        "revision" : "9ddda4cf23671ef0228e88681ec6210cb3e0d7f7",
        "version" : "1.0.0"
      }
    },
    {
      "identity" : "localconsole",
      "kind" : "remoteSourceControl",
      "location" : "https://github.com/BomberFish/LocalConsole",
      "state" : {
        "branch" : "main",
        "revision" : "6565a201829e5187f75eccc430ac387e4bb9bc88"
      }
    },
    {
      "identity" : "marqueetext",
      "kind" : "remoteSourceControl",
      "location" : "https://github.com/joekndy/MarqueeText",
      "state" : {
        "branch" : "master",
        "revision" : "e18d514455563ad00581e0d825146c6f15b1c6c4"
      }
    },
    {
      "identity" : "privatekits",
      "kind" : "remoteSourceControl",
      "location" : "https://github.com/SerenaKit/PrivateKits",
      "state" : {
        "branch" : "main",
        "revision" : "23316a122ce4688bbbbc738a4aff64c4025b489a"
      }
    }
  ],
  "version" : 2
}
