// !$*UTF8*$!
{
	archiveVersion = 1;
	classes = {
	};
	objectVersion = 56;
	objects = {

/* Begin PBXBuildFile section */
		D6E5528129B165400083E6A5 /* CacheApp.swift in Sources */ = {isa = PBXBuildFile; fileRef = D6E5528029B165400083E6A5 /* CacheApp.swift */; };
		D6E5528329B165400083E6A5 /* ContentView.swift in Sources */ = {isa = PBXBuildFile; fileRef = D6E5528229B165400083E6A5 /* ContentView.swift */; };
		D6E5528529B165410083E6A5 /* Assets.xcassets in Resources */ = {isa = PBXBuildFile; fileRef = D6E5528429B165410083E6A5 /* Assets.xcassets */; };
		D6E5528829B165410083E6A5 /* Preview Assets.xcassets in Resources */ = {isa = PBXBuildFile; fileRef = D6E5528729B165410083E6A5 /* Preview Assets.xcassets */; };
		D6E5529229B165420083E6A5 /* CacheTests.swift in Sources */ = {isa = PBXBuildFile; fileRef = D6E5529129B165420083E6A5 /* CacheTests.swift */; };
		D6E5529C29B165420083E6A5 /* CacheUITests.swift in Sources */ = {isa = PBXBuildFile; fileRef = D6E5529B29B165420083E6A5 /* CacheUITests.swift */; };
		D6E5529E29B165420083E6A5 /* CacheUITestsLaunchTests.swift in Sources */ = {isa = PBXBuildFile; fileRef = D6E5529D29B165420083E6A5 /* CacheUITestsLaunchTests.swift */; };
/* End PBXBuildFile section */

/* Begin PBXContainerItemProxy section */
		D6E5528E29B165420083E6A5 /* PBXContainerItemProxy */ = {
			isa = PBXContainerItemProxy;
			containerPortal = D6E5527529B165400083E6A5 /* Project object */;
			proxyType = 1;
			remoteGlobalIDString = D6E5527C29B165400083E6A5;
			remoteInfo = Cache;
		};
		D6E5529829B165420083E6A5 /* PBXContainerItemProxy */ = {
			isa = PBXContainerItemProxy;
			containerPortal = D6E5527529B165400083E6A5 /* Project object */;
			proxyType = 1;
			remoteGlobalIDString = D6E5527C29B165400083E6A5;
			remoteInfo = Cache;
		};
/* End PBXContainerItemProxy section */

/* Begin PBXFileReference section */
		D6E5527D29B165400083E6A5 /* Cache.app */ = {isa = PBXFileReference; explicitFileType = wrapper.application; includeInIndex = 0; path = Cache.app; sourceTree = BUILT_PRODUCTS_DIR; };
		D6E5528029B165400083E6A5 /* CacheApp.swift */ = {isa = PBXFileReference; lastKnownFileType = sourcecode.swift; path = CacheApp.swift; sourceTree = "<group>"; };
		D6E5528229B165400083E6A5 /* ContentView.swift */ = {isa = PBXFileReference; lastKnownFileType = sourcecode.swift; path = ContentView.swift; sourceTree = "<group>"; };
		D6E5528429B165410083E6A5 /* Assets.xcassets */ = {isa = PBXFileReference; lastKnownFileType = folder.assetcatalog; path = Assets.xcassets; sourceTree = "<group>"; };
		D6E5528729B165410083E6A5 /* Preview Assets.xcassets */ = {isa = PBXFileReference; lastKnownFileType = folder.assetcatalog; path = "Preview Assets.xcassets"; sourceTree = "<group>"; };
		D6E5528D29B165420083E6A5 /* CacheTests.xctest */ = {isa = PBXFileReference; explicitFileType = wrapper.cfbundle; includeInIndex = 0; path = CacheTests.xctest; sourceTree = BUILT_PRODUCTS_DIR; };
		D6E5529129B165420083E6A5 /* CacheTests.swift */ = {isa = PBXFileReference; lastKnownFileType = sourcecode.swift; path = CacheTests.swift; sourceTree = "<group>"; };
		D6E5529729B165420083E6A5 /* CacheUITests.xctest */ = {isa = PBXFileReference; explicitFileType = wrapper.cfbundle; includeInIndex = 0; path = CacheUITests.xctest; sourceTree = BUILT_PRODUCTS_DIR; };
		D6E5529B29B165420083E6A5 /* CacheUITests.swift */ = {isa = PBXFileReference; lastKnownFileType = sourcecode.swift; path = CacheUITests.swift; sourceTree = "<group>"; };
		D6E5529D29B165420083E6A5 /* CacheUITestsLaunchTests.swift */ = {isa = PBXFileReference; lastKnownFileType = sourcecode.swift; path = CacheUITestsLaunchTests.swift; sourceTree = "<group>"; };
/* End PBXFileReference section */

/* Begin PBXFrameworksBuildPhase section */
		D6E5527A29B165400083E6A5 /* Frameworks */ = {
			isa = PBXFrameworksBuildPhase;
			buildActionMask = 2147483647;
			files = (
			);
			runOnlyForDeploymentPostprocessing = 0;
		};
		D6E5528A29B165420083E6A5 /* Frameworks */ = {
			isa = PBXFrameworksBuildPhase;
			buildActionMask = 2147483647;
			files = (
			);
			runOnlyForDeploymentPostprocessing = 0;
		};
		D6E5529429B165420083E6A5 /* Frameworks */ = {
			isa = PBXFrameworksBuildPhase;
			buildActionMask = 2147483647;
			files = (
			);
			runOnlyForDeploymentPostprocessing = 0;
		};
/* End PBXFrameworksBuildPhase section */

/* Begin PBXGroup section */
		D6E5527429B165400083E6A5 = {
			isa = PBXGroup;
			children = (
				D6E5527F29B165400083E6A5 /* Cache */,
				D6E5529029B165420083E6A5 /* CacheTests */,
				D6E5529A29B165420083E6A5 /* CacheUITests */,
				D6E5527E29B165400083E6A5 /* Products */,
			);
			sourceTree = "<group>";
		};
		D6E5527E29B165400083E6A5 /* Products */ = {
			isa = PBXGroup;
			children = (
				D6E5527D29B165400083E6A5 /* Cache.app */,
				D6E5528D29B165420083E6A5 /* CacheTests.xctest */,
				D6E5529729B165420083E6A5 /* CacheUITests.xctest */,
			);
			name = Products;
			sourceTree = "<group>";
		};
		D6E5527F29B165400083E6A5 /* Cache */ = {
			isa = PBXGroup;
			children = (
				D6E5528029B165400083E6A5 /* CacheApp.swift */,
				D6E5528229B165400083E6A5 /* ContentView.swift */,
				D6E5528429B165410083E6A5 /* Assets.xcassets */,
				D6E5528629B165410083E6A5 /* Preview Content */,
			);
			path = Cache;
			sourceTree = "<group>";
		};
		D6E5528629B165410083E6A5 /* Preview Content */ = {
			isa = PBXGroup;
			children = (
				D6E5528729B165410083E6A5 /* Preview Assets.xcassets */,
			);
			path = "Preview Content";
			sourceTree = "<group>";
		};
		D6E5529029B165420083E6A5 /* CacheTests */ = {
			isa = PBXGroup;
			children = (
				D6E5529129B165420083E6A5 /* CacheTests.swift */,
			);
			path = CacheTests;
			sourceTree = "<group>";
		};
		D6E5529A29B165420083E6A5 /* CacheUITests */ = {
			isa = PBXGroup;
			children = (
				D6E5529B29B165420083E6A5 /* CacheUITests.swift */,
				D6E5529D29B165420083E6A5 /* CacheUITestsLaunchTests.swift */,
			);
			path = CacheUITests;
			sourceTree = "<group>";
		};
/* End PBXGroup section */

/* Begin PBXNativeTarget section */
		D6E5527C29B165400083E6A5 /* Cache */ = {
			isa = PBXNativeTarget;
			buildConfigurationList = D6E552A129B165420083E6A5 /* Build configuration list for PBXNativeTarget "Cache" */;
			buildPhases = (
				D6E5527929B165400083E6A5 /* Sources */,
				D6E5527A29B165400083E6A5 /* Frameworks */,
				D6E5527B29B165400083E6A5 /* Resources */,
			);
			buildRules = (
			);
			dependencies = (
			);
			name = Cache;
			productName = Cache;
			productReference = D6E5527D29B165400083E6A5 /* Cache.app */;
			productType = "com.apple.product-type.application";
		};
		D6E5528C29B165420083E6A5 /* CacheTests */ = {
			isa = PBXNativeTarget;
			buildConfigurationList = D6E552A429B165420083E6A5 /* Build configuration list for PBXNativeTarget "CacheTests" */;
			buildPhases = (
				D6E5528929B165420083E6A5 /* Sources */,
				D6E5528A29B165420083E6A5 /* Frameworks */,
				D6E5528B29B165420083E6A5 /* Resources */,
			);
			buildRules = (
			);
			dependencies = (
				D6E5528F29B165420083E6A5 /* PBXTargetDependency */,
			);
			name = CacheTests;
			productName = CacheTests;
			productReference = D6E5528D29B165420083E6A5 /* CacheTests.xctest */;
			productType = "com.apple.product-type.bundle.unit-test";
		};
		D6E5529629B165420083E6A5 /* CacheUITests */ = {
			isa = PBXNativeTarget;
			buildConfigurationList = D6E552A729B165420083E6A5 /* Build configuration list for PBXNativeTarget "CacheUITests" */;
			buildPhases = (
				D6E5529329B165420083E6A5 /* Sources */,
				D6E5529429B165420083E6A5 /* Frameworks */,
				D6E5529529B165420083E6A5 /* Resources */,
			);
			buildRules = (
			);
			dependencies = (
				D6E5529929B165420083E6A5 /* PBXTargetDependency */,
			);
			name = CacheUITests;
			productName = CacheUITests;
			productReference = D6E5529729B165420083E6A5 /* CacheUITests.xctest */;
			productType = "com.apple.product-type.bundle.ui-testing";
		};
/* End PBXNativeTarget section */

/* Begin PBXProject section */
		D6E5527529B165400083E6A5 /* Project object */ = {
			isa = PBXProject;
			attributes = {
				BuildIndependentTargetsInParallel = 1;
				LastSwiftUpdateCheck = 1420;
				LastUpgradeCheck = 1420;
				TargetAttributes = {
					D6E5527C29B165400083E6A5 = {
						CreatedOnToolsVersion = 14.2;
					};
					D6E5528C29B165420083E6A5 = {
						CreatedOnToolsVersion = 14.2;
						TestTargetID = D6E5527C29B165400083E6A5;
					};
					D6E5529629B165420083E6A5 = {
						CreatedOnToolsVersion = 14.2;
						TestTargetID = D6E5527C29B165400083E6A5;
					};
				};
			};
			buildConfigurationList = D6E5527829B165400083E6A5 /* Build configuration list for PBXProject "Cache" */;
			compatibilityVersion = "Xcode 14.0";
			developmentRegion = en;
			hasScannedForEncodings = 0;
			knownRegions = (
				en,
				Base,
			);
			mainGroup = D6E5527429B165400083E6A5;
			productRefGroup = D6E5527E29B165400083E6A5 /* Products */;
			projectDirPath = "";
			projectRoot = "";
			targets = (
				D6E5527C29B165400083E6A5 /* Cache */,
				D6E5528C29B165420083E6A5 /* CacheTests */,
				D6E5529629B165420083E6A5 /* CacheUITests */,
			);
		};
/* End PBXProject section */

/* Begin PBXResourcesBuildPhase section */
		D6E5527B29B165400083E6A5 /* Resources */ = {
			isa = PBXResourcesBuildPhase;
			buildActionMask = 2147483647;
			files = (
				D6E5528829B165410083E6A5 /* Preview Assets.xcassets in Resources */,
				D6E5528529B165410083E6A5 /* Assets.xcassets in Resources */,
			);
			runOnlyForDeploymentPostprocessing = 0;
		};
		D6E5528B29B165420083E6A5 /* Resources */ = {
			isa = PBXResourcesBuildPhase;
			buildActionMask = 2147483647;
			files = (
			);
			runOnlyForDeploymentPostprocessing = 0;
		};
		D6E5529529B165420083E6A5 /* Resources */ = {
			isa = PBXResourcesBuildPhase;
			buildActionMask = 2147483647;
			files = (
			);
			runOnlyForDeploymentPostprocessing = 0;
		};
/* End PBXResourcesBuildPhase section */

/* Begin PBXSourcesBuildPhase section */
		D6E5527929B165400083E6A5 /* Sources */ = {
			isa = PBXSourcesBuildPhase;
			buildActionMask = 2147483647;
			files = (
				D6E5528329B165400083E6A5 /* ContentView.swift in Sources */,
				D6E5528129B165400083E6A5 /* CacheApp.swift in Sources */,
			);
			runOnlyForDeploymentPostprocessing = 0;
		};
		D6E5528929B165420083E6A5 /* Sources */ = {
			isa = PBXSourcesBuildPhase;
			buildActionMask = 2147483647;
			files = (
				D6E5529229B165420083E6A5 /* CacheTests.swift in Sources */,
			);
			runOnlyForDeploymentPostprocessing = 0;
		};
		D6E5529329B165420083E6A5 /* Sources */ = {
			isa = PBXSourcesBuildPhase;
			buildActionMask = 2147483647;
			files = (
				D6E5529C29B165420083E6A5 /* CacheUITests.swift in Sources */,
				D6E5529E29B165420083E6A5 /* CacheUITestsLaunchTests.swift in Sources */,
			);
			runOnlyForDeploymentPostprocessing = 0;
		};
/* End PBXSourcesBuildPhase section */

/* Begin PBXTargetDependency section */
		D6E5528F29B165420083E6A5 /* PBXTargetDependency */ = {
			isa = PBXTargetDependency;
			target = D6E5527C29B165400083E6A5 /* Cache */;
			targetProxy = D6E5528E29B165420083E6A5 /* PBXContainerItemProxy */;
		};
		D6E5529929B165420083E6A5 /* PBXTargetDependency */ = {
			isa = PBXTargetDependency;
			target = D6E5527C29B165400083E6A5 /* Cache */;
			targetProxy = D6E5529829B165420083E6A5 /* PBXContainerItemProxy */;
		};
/* End PBXTargetDependency section */

/* Begin XCBuildConfiguration section */
		D6E5529F29B165420083E6A5 /* Debug */ = {
			isa = XCBuildConfiguration;
			buildSettings = {
				ALWAYS_SEARCH_USER_PATHS = NO;
				CLANG_ANALYZER_NONNULL = YES;
				CLANG_ANALYZER_NUMBER_OBJECT_CONVERSION = YES_AGGRESSIVE;
				CLANG_CXX_LANGUAGE_STANDARD = "gnu++20";
				CLANG_ENABLE_MODULES = YES;
				CLANG_ENABLE_OBJC_ARC = YES;
				CLANG_ENABLE_OBJC_WEAK = YES;
				CLANG_WARN_BLOCK_CAPTURE_AUTORELEASING = YES;
				CLANG_WARN_BOOL_CONVERSION = YES;
				CLANG_WARN_COMMA = YES;
				CLANG_WARN_CONSTANT_CONVERSION = YES;
				CLANG_WARN_DEPRECATED_OBJC_IMPLEMENTATIONS = YES;
				CLANG_WARN_DIRECT_OBJC_ISA_USAGE = YES_ERROR;
				CLANG_WARN_DOCUMENTATION_COMMENTS = YES;
				CLANG_WARN_EMPTY_BODY = YES;
				CLANG_WARN_ENUM_CONVERSION = YES;
				CLANG_WARN_INFINITE_RECURSION = YES;
				CLANG_WARN_INT_CONVERSION = YES;
				CLANG_WARN_NON_LITERAL_NULL_CONVERSION = YES;
				CLANG_WARN_OBJC_IMPLICIT_RETAIN_SELF = YES;
				CLANG_WARN_OBJC_LITERAL_CONVERSION = YES;
				CLANG_WARN_OBJC_ROOT_CLASS = YES_ERROR;
				CLANG_WARN_QUOTED_INCLUDE_IN_FRAMEWORK_HEADER = YES;
				CLANG_WARN_RANGE_LOOP_ANALYSIS = YES;
				CLANG_WARN_STRICT_PROTOTYPES = YES;
				CLANG_WARN_SUSPICIOUS_MOVE = YES;
				CLANG_WARN_UNGUARDED_AVAILABILITY = YES_AGGRESSIVE;
				CLANG_WARN_UNREACHABLE_CODE = YES;
				CLANG_WARN__DUPLICATE_METHOD_MATCH = YES;
				COPY_PHASE_STRIP = NO;
				DEBUG_INFORMATION_FORMAT = dwarf;
				ENABLE_STRICT_OBJC_MSGSEND = YES;
				ENABLE_TESTABILITY = YES;
				GCC_C_LANGUAGE_STANDARD = gnu11;
				GCC_DYNAMIC_NO_PIC = NO;
				GCC_NO_COMMON_BLOCKS = YES;
				GCC_OPTIMIZATION_LEVEL = 0;
				GCC_PREPROCESSOR_DEFINITIONS = (
					"DEBUG=1",
					"$(inherited)",
				);
				GCC_WARN_64_TO_32_BIT_CONVERSION = YES;
				GCC_WARN_ABOUT_RETURN_TYPE = YES_ERROR;
				GCC_WARN_UNDECLARED_SELECTOR = YES;
				GCC_WARN_UNINITIALIZED_AUTOS = YES_AGGRESSIVE;
				GCC_WARN_UNUSED_FUNCTION = YES;
				GCC_WARN_UNUSED_VARIABLE = YES;
				IPHONEOS_DEPLOYMENT_TARGET = 16.2;
				MTL_ENABLE_DEBUG_INFO = INCLUDE_SOURCE;
				MTL_FAST_MATH = YES;
				ONLY_ACTIVE_ARCH = YES;
				SDKROOT = iphoneos;
				SWIFT_ACTIVE_COMPILATION_CONDITIONS = DEBUG;
				SWIFT_OPTIMIZATION_LEVEL = "-Onone";
			};
			name = Debug;
		};
		D6E552A029B165420083E6A5 /* Release */ = {
			isa = XCBuildConfiguration;
			buildSettings = {
				ALWAYS_SEARCH_USER_PATHS = NO;
				CLANG_ANALYZER_NONNULL = YES;
				CLANG_ANALYZER_NUMBER_OBJECT_CONVERSION = YES_AGGRESSIVE;
				CLANG_CXX_LANGUAGE_STANDARD = "gnu++20";
				CLANG_ENABLE_MODULES = YES;
				CLANG_ENABLE_OBJC_ARC = YES;
				CLANG_ENABLE_OBJC_WEAK = YES;
				CLANG_WARN_BLOCK_CAPTURE_AUTORELEASING = YES;
				CLANG_WARN_BOOL_CONVERSION = YES;
				CLANG_WARN_COMMA = YES;
				CLANG_WARN_CONSTANT_CONVERSION = YES;
				CLANG_WARN_DEPRECATED_OBJC_IMPLEMENTATIONS = YES;
				CLANG_WARN_DIRECT_OBJC_ISA_USAGE = YES_ERROR;
				CLANG_WARN_DOCUMENTATION_COMMENTS = YES;
				CLANG_WARN_EMPTY_BODY = YES;
				CLANG_WARN_ENUM_CONVERSION = YES;
				CLANG_WARN_INFINITE_RECURSION = YES;
				CLANG_WARN_INT_CONVERSION = YES;
				CLANG_WARN_NON_LITERAL_NULL_CONVERSION = YES;
				CLANG_WARN_OBJC_IMPLICIT_RETAIN_SELF = YES;
				CLANG_WARN_OBJC_LITERAL_CONVERSION = YES;
				CLANG_WARN_OBJC_ROOT_CLASS = YES_ERROR;
				CLANG_WARN_QUOTED_INCLUDE_IN_FRAMEWORK_HEADER = YES;
				CLANG_WARN_RANGE_LOOP_ANALYSIS = YES;
				CLANG_WARN_STRICT_PROTOTYPES = YES;
				CLANG_WARN_SUSPICIOUS_MOVE = YES;
				CLANG_WARN_UNGUARDED_AVAILABILITY = YES_AGGRESSIVE;
				CLANG_WARN_UNREACHABLE_CODE = YES;
				CLANG_WARN__DUPLICATE_METHOD_MATCH = YES;
				COPY_PHASE_STRIP = NO;
				DEBUG_INFORMATION_FORMAT = "dwarf-with-dsym";
				ENABLE_NS_ASSERTIONS = NO;
				ENABLE_STRICT_OBJC_MSGSEND = YES;
				GCC_C_LANGUAGE_STANDARD = gnu11;
				GCC_NO_COMMON_BLOCKS = YES;
				GCC_WARN_64_TO_32_BIT_CONVERSION = YES;
				GCC_WARN_ABOUT_RETURN_TYPE = YES_ERROR;
				GCC_WARN_UNDECLARED_SELECTOR = YES;
				GCC_WARN_UNINITIALIZED_AUTOS = YES_AGGRESSIVE;
				GCC_WARN_UNUSED_FUNCTION = YES;
				GCC_WARN_UNUSED_VARIABLE = YES;
				IPHONEOS_DEPLOYMENT_TARGET = 16.2;
				MTL_ENABLE_DEBUG_INFO = NO;
				MTL_FAST_MATH = YES;
				SDKROOT = iphoneos;
				SWIFT_COMPILATION_MODE = wholemodule;
				SWIFT_OPTIMIZATION_LEVEL = "-O";
				VALIDATE_PRODUCT = YES;
			};
			name = Release;
		};
		D6E552A229B165420083E6A5 /* Debug */ = {
			isa = XCBuildConfiguration;
			buildSettings = {
				ASSETCATALOG_COMPILER_APPICON_NAME = AppIcon;
				ASSETCATALOG_COMPILER_GLOBAL_ACCENT_COLOR_NAME = AccentColor;
				CODE_SIGN_STYLE = Automatic;
				CURRENT_PROJECT_VERSION = 1;
				DEVELOPMENT_ASSET_PATHS = "\"Cache/Preview Content\"";
				DEVELOPMENT_TEAM = 8JKVMYCRTJ;
				ENABLE_PREVIEWS = YES;
				GENERATE_INFOPLIST_FILE = YES;
				INFOPLIST_KEY_UIApplicationSceneManifest_Generation = YES;
				INFOPLIST_KEY_UIApplicationSupportsIndirectInputEvents = YES;
				INFOPLIST_KEY_UILaunchScreen_Generation = YES;
				INFOPLIST_KEY_UISupportedInterfaceOrientations_iPad = "UIInterfaceOrientationPortrait UIInterfaceOrientationPortraitUpsideDown UIInterfaceOrientationLandscapeLeft UIInterfaceOrientationLandscapeRight";
				INFOPLIST_KEY_UISupportedInterfaceOrientations_iPhone = "UIInterfaceOrientationPortrait UIInterfaceOrientationLandscapeLeft UIInterfaceOrientationLandscapeRight";
				LD_RUNPATH_SEARCH_PATHS = (
					"$(inherited)",
					"@executable_path/Frameworks",
				);
				MARKETING_VERSION = 1.0;
				PRODUCT_BUNDLE_IDENTIFIER = ca.bomberfish.Cache;
				PRODUCT_NAME = "$(TARGET_NAME)";
				SWIFT_EMIT_LOC_STRINGS = YES;
				SWIFT_VERSION = 5.0;
				TARGETED_DEVICE_FAMILY = "1,2";
			};
			name = Debug;
		};
		D6E552A329B165420083E6A5 /* Release */ = {
			isa = XCBuildConfiguration;
			buildSettings = {
				ASSETCATALOG_COMPILER_APPICON_NAME = AppIcon;
				ASSETCATALOG_COMPILER_GLOBAL_ACCENT_COLOR_NAME = AccentColor;
				CODE_SIGN_STYLE = Automatic;
				CURRENT_PROJECT_VERSION = 1;
				DEVELOPMENT_ASSET_PATHS = "\"Cache/Preview Content\"";
				DEVELOPMENT_TEAM = 8JKVMYCRTJ;
				ENABLE_PREVIEWS = YES;
				GENERATE_INFOPLIST_FILE = YES;
				INFOPLIST_KEY_UIApplicationSceneManifest_Generation = YES;
				INFOPLIST_KEY_UIApplicationSupportsIndirectInputEvents = YES;
				INFOPLIST_KEY_UILaunchScreen_Generation = YES;
				INFOPLIST_KEY_UISupportedInterfaceOrientations_iPad = "UIInterfaceOrientationPortrait UIInterfaceOrientationPortraitUpsideDown UIInterfaceOrientationLandscapeLeft UIInterfaceOrientationLandscapeRight";
				INFOPLIST_KEY_UISupportedInterfaceOrientations_iPhone = "UIInterfaceOrientationPortrait UIInterfaceOrientationLandscapeLeft UIInterfaceOrientationLandscapeRight";
				LD_RUNPATH_SEARCH_PATHS = (
					"$(inherited)",
					"@executable_path/Frameworks",
				);
				MARKETING_VERSION = 1.0;
				PRODUCT_BUNDLE_IDENTIFIER = ca.bomberfish.Cache;
				PRODUCT_NAME = "$(TARGET_NAME)";
				SWIFT_EMIT_LOC_STRINGS = YES;
				SWIFT_VERSION = 5.0;
				TARGETED_DEVICE_FAMILY = "1,2";
			};
			name = Release;
		};
		D6E552A529B165420083E6A5 /* Debug */ = {
			isa = XCBuildConfiguration;
			buildSettings = {
				ALWAYS_EMBED_SWIFT_STANDARD_LIBRARIES = YES;
				BUNDLE_LOADER = "$(TEST_HOST)";
				CODE_SIGN_STYLE = Automatic;
				CURRENT_PROJECT_VERSION = 1;
				DEVELOPMENT_TEAM = 8JKVMYCRTJ;
				GENERATE_INFOPLIST_FILE = YES;
				IPHONEOS_DEPLOYMENT_TARGET = 16.2;
				MARKETING_VERSION = 1.0;
				PRODUCT_BUNDLE_IDENTIFIER = ca.bomberfish.CacheTests;
				PRODUCT_NAME = "$(TARGET_NAME)";
				SWIFT_EMIT_LOC_STRINGS = NO;
				SWIFT_VERSION = 5.0;
				TARGETED_DEVICE_FAMILY = "1,2";
				TEST_HOST = "$(BUILT_PRODUCTS_DIR)/Cache.app/$(BUNDLE_EXECUTABLE_FOLDER_PATH)/Cache";
			};
			name = Debug;
		};
		D6E552A629B165420083E6A5 /* Release */ = {
			isa = XCBuildConfiguration;
			buildSettings = {
				ALWAYS_EMBED_SWIFT_STANDARD_LIBRARIES = YES;
				BUNDLE_LOADER = "$(TEST_HOST)";
				CODE_SIGN_STYLE = Automatic;
				CURRENT_PROJECT_VERSION = 1;
				DEVELOPMENT_TEAM = 8JKVMYCRTJ;
				GENERATE_INFOPLIST_FILE = YES;
				IPHONEOS_DEPLOYMENT_TARGET = 16.2;
				MARKETING_VERSION = 1.0;
				PRODUCT_BUNDLE_IDENTIFIER = ca.bomberfish.CacheTests;
				PRODUCT_NAME = "$(TARGET_NAME)";
				SWIFT_EMIT_LOC_STRINGS = NO;
				SWIFT_VERSION = 5.0;
				TARGETED_DEVICE_FAMILY = "1,2";
				TEST_HOST = "$(BUILT_PRODUCTS_DIR)/Cache.app/$(BUNDLE_EXECUTABLE_FOLDER_PATH)/Cache";
			};
			name = Release;
		};
		D6E552A829B165420083E6A5 /* Debug */ = {
			isa = XCBuildConfiguration;
			buildSettings = {
				ALWAYS_EMBED_SWIFT_STANDARD_LIBRARIES = YES;
				CODE_SIGN_STYLE = Automatic;
				CURRENT_PROJECT_VERSION = 1;
				DEVELOPMENT_TEAM = 8JKVMYCRTJ;
				GENERATE_INFOPLIST_FILE = YES;
				MARKETING_VERSION = 1.0;
				PRODUCT_BUNDLE_IDENTIFIER = ca.bomberfish.CacheUITests;
				PRODUCT_NAME = "$(TARGET_NAME)";
				SWIFT_EMIT_LOC_STRINGS = NO;
				SWIFT_VERSION = 5.0;
				TARGETED_DEVICE_FAMILY = "1,2";
				TEST_TARGET_NAME = Cache;
			};
			name = Debug;
		};
		D6E552A929B165420083E6A5 /* Release */ = {
			isa = XCBuildConfiguration;
			buildSettings = {
				ALWAYS_EMBED_SWIFT_STANDARD_LIBRARIES = YES;
				CODE_SIGN_STYLE = Automatic;
				CURRENT_PROJECT_VERSION = 1;
				DEVELOPMENT_TEAM = 8JKVMYCRTJ;
				GENERATE_INFOPLIST_FILE = YES;
				MARKETING_VERSION = 1.0;
				PRODUCT_BUNDLE_IDENTIFIER = ca.bomberfish.CacheUITests;
				PRODUCT_NAME = "$(TARGET_NAME)";
				SWIFT_EMIT_LOC_STRINGS = NO;
				SWIFT_VERSION = 5.0;
				TARGETED_DEVICE_FAMILY = "1,2";
				TEST_TARGET_NAME = Cache;
			};
			name = Release;
		};
/* End XCBuildConfiguration section */

/* Begin XCConfigurationList section */
		D6E5527829B165400083E6A5 /* Build configuration list for PBXProject "Cache" */ = {
			isa = XCConfigurationList;
			buildConfigurations = (
				D6E5529F29B165420083E6A5 /* Debug */,
				D6E552A029B165420083E6A5 /* Release */,
			);
			defaultConfigurationIsVisible = 0;
			defaultConfigurationName = Release;
		};
		D6E552A129B165420083E6A5 /* Build configuration list for PBXNativeTarget "Cache" */ = {
			isa = XCConfigurationList;
			buildConfigurations = (
				D6E552A229B165420083E6A5 /* Debug */,
				D6E552A329B165420083E6A5 /* Release */,
			);
			defaultConfigurationIsVisible = 0;
			defaultConfigurationName = Release;
		};
		D6E552A429B165420083E6A5 /* Build configuration list for PBXNativeTarget "CacheTests" */ = {
			isa = XCConfigurationList;
			buildConfigurations = (
				D6E552A529B165420083E6A5 /* Debug */,
				D6E552A629B165420083E6A5 /* Release */,
			);
			defaultConfigurationIsVisible = 0;
			defaultConfigurationName = Release;
		};
		D6E552A729B165420083E6A5 /* Build configuration list for PBXNativeTarget "CacheUITests" */ = {
			isa = XCConfigurationList;
			buildConfigurations = (
				D6E552A829B165420083E6A5 /* Debug */,
				D6E552A929B165420083E6A5 /* Release */,
			);
			defaultConfigurationIsVisible = 0;
			defaultConfigurationName = Release;
		};
/* End XCConfigurationList section */
	};
	rootObject = D6E5527529B165400083E6A5 /* Project object */;
}
