// !$*UTF8*$!
{
	archiveVersion = 1;
	classes = {
	};
	objectVersion = 56;
	objects = {

/* Begin PBXBuildFile section */
		D6039E7F29E484DE002F91D7 /* DirtyCowKit in Frameworks */ = {isa = PBXBuildFile; productRef = D6039E7E29E484DE002F91D7 /* DirtyCowKit */; };
		D6076BC229F9E96700BC3C3C /* FileBrowserView.swift in Sources */ = {isa = PBXBuildFile; fileRef = D6076BC129F9E96700BC3C3C /* FileBrowserView.swift */; };
		D6076BC429FA0DCB00BC3C3C /* PackageCreditsView.swift in Sources */ = {isa = PBXBuildFile; fileRef = D6076BC329FA0DCB00BC3C3C /* PackageCreditsView.swift */; };
		D61FDEDE29C117AB007649E9 /* MoreInfoView.swift in Sources */ = {isa = PBXBuildFile; fileRef = D61FDEDD29C117AB007649E9 /* MoreInfoView.swift */; };
		D638E1A929DA02DF004CCA55 /* AVAudioPlayerNode++.swift in Sources */ = {isa = PBXBuildFile; fileRef = D638E1A829DA02DF004CCA55 /* AVAudioPlayerNode++.swift */; };
		D638E1AB29DA031E004CCA55 /* PlayerClass.swift in Sources */ = {isa = PBXBuildFile; fileRef = D638E1AA29DA031E004CCA55 /* PlayerClass.swift */; };
		D638E1AD29DA05B2004CCA55 /* AppleLoopsMixView.swift in Sources */ = {isa = PBXBuildFile; fileRef = D638E1AC29DA05B2004CCA55 /* AppleLoopsMixView.swift */; };
		D638E1AF29DA0BDD004CCA55 /* Apple Loops Mix.m4a in Resources */ = {isa = PBXBuildFile; fileRef = D638E1AE29DA0BDC004CCA55 /* Apple Loops Mix.m4a */; };
		D638E1B129DA6630004CCA55 /* FreeloadView.swift in Sources */ = {isa = PBXBuildFile; fileRef = D638E1B029DA6630004CCA55 /* FreeloadView.swift */; };
		D638E1B329DAFA82004CCA55 /* View++.swift in Sources */ = {isa = PBXBuildFile; fileRef = D638E1B229DAFA82004CCA55 /* View++.swift */; };
		D638E1B629DE1CE1004CCA55 /* CoreServices.framework in Frameworks */ = {isa = PBXBuildFile; fileRef = D638E1B429DE1CE1004CCA55 /* CoreServices.framework */; };
		D638E1B729DE1CE1004CCA55 /* MobileCoreServices.framework in Frameworks */ = {isa = PBXBuildFile; fileRef = D638E1B529DE1CE1004CCA55 /* MobileCoreServices.framework */; };
		D638E1B929DE1F15004CCA55 /* BackupServices.swift in Sources */ = {isa = PBXBuildFile; fileRef = D638E1B829DE1F15004CCA55 /* BackupServices.swift */; };
		D638E1BB29DE1F49004CCA55 /* BackupItem.swift in Sources */ = {isa = PBXBuildFile; fileRef = D638E1BA29DE1F49004CCA55 /* BackupItem.swift */; };
		D638E1C029DE2653004CCA55 /* iosplaceholder.png in Resources */ = {isa = PBXBuildFile; fileRef = D638E1BF29DE2653004CCA55 /* iosplaceholder.png */; };
		D638E1C229DEDD15004CCA55 /* LoadingView.swift in Sources */ = {isa = PBXBuildFile; fileRef = D638E1C129DEDD15004CCA55 /* LoadingView.swift */; };
		D64A00CA29FD75220000F32C /* GradientView.swift in Sources */ = {isa = PBXBuildFile; fileRef = D64A00C929FD75220000F32C /* GradientView.swift */; };
		D64A00D029FEAC220000F32C /* FLEX in Frameworks */ = {isa = PBXBuildFile; productRef = D64A00CF29FEAC220000F32C /* FLEX */; };
		D65AA4C529D85FFB00C3EBE7 /* ToolsView.swift in Sources */ = {isa = PBXBuildFile; fileRef = D65AA4C429D85FFB00C3EBE7 /* ToolsView.swift */; };
		D65AA4C729D860A100C3EBE7 /* WhitelistView.swift in Sources */ = {isa = PBXBuildFile; fileRef = D65AA4C629D860A100C3EBE7 /* WhitelistView.swift */; };
		D65AA4C929D8613900C3EBE7 /* FileContentsView.swift in Sources */ = {isa = PBXBuildFile; fileRef = D65AA4C829D8613900C3EBE7 /* FileContentsView.swift */; };
		D65AA4CC29D8615400C3EBE7 /* WhitelistManager.swift in Sources */ = {isa = PBXBuildFile; fileRef = D65AA4CB29D8615400C3EBE7 /* WhitelistManager.swift */; };
		D6609A9A29D73D680033F66D /* CompressionWrapper in Frameworks */ = {isa = PBXBuildFile; productRef = D6609A9929D73D680033F66D /* CompressionWrapper */; };
		D6609A9C29D73D680033F66D /* DiskImagesWrapper in Frameworks */ = {isa = PBXBuildFile; productRef = D6609A9B29D73D680033F66D /* DiskImagesWrapper */; };
		D6609AA029D73D680033F66D /* NSTask in Frameworks */ = {isa = PBXBuildFile; productRef = D6609A9F29D73D680033F66D /* NSTask */; };
		D674868529D7821300BCE952 /* FM++.swift in Sources */ = {isa = PBXBuildFile; fileRef = D674868429D7821300BCE952 /* FM++.swift */; };
		D688309A29E86D7D00F4D7DA /* KernelPanic.m in Sources */ = {isa = PBXBuildFile; fileRef = D688309929E86D7D00F4D7DA /* KernelPanic.m */; };
		D688309D29E870F000F4D7DA /* IOSurface.framework in Frameworks */ = {isa = PBXBuildFile; fileRef = D688309C29E870F000F4D7DA /* IOSurface.framework */; };
		D688309F29E870FF00F4D7DA /* IOKit.framework in Frameworks */ = {isa = PBXBuildFile; fileRef = D688309E29E870FE00F4D7DA /* IOKit.framework */; };
		D68830A329E87C2B00F4D7DA /* AppCommander-InfoPlist.strings in Resources */ = {isa = PBXBuildFile; fileRef = D68830A129E87C2B00F4D7DA /* AppCommander-InfoPlist.strings */; };
		D6B79B0B29F2E51100E14922 /* AppIconView.swift in Sources */ = {isa = PBXBuildFile; fileRef = D6B79B0A29F2E51100E14922 /* AppIconView.swift */; };
		D6D22B6229C64AC20095645B /* LocalConsole in Frameworks */ = {isa = PBXBuildFile; productRef = D6D22B6129C64AC20095645B /* LocalConsole */; };
		D6D22B6629C64D180095645B /* SettingsView.swift in Sources */ = {isa = PBXBuildFile; fileRef = D6D22B6529C64D180095645B /* SettingsView.swift */; };
		D6D22B6D29C64DC20095645B /* PrivacyPolicyView.swift in Sources */ = {isa = PBXBuildFile; fileRef = D6D22B6C29C64DC20095645B /* PrivacyPolicyView.swift */; };
		D6D22B6F29C65D6B0095645B /* Analytics.swift in Sources */ = {isa = PBXBuildFile; fileRef = D6D22B6E29C65D6B0095645B /* Analytics.swift */; };
		D6D55A6729D25CC600DD6C4A /* BackupView.swift in Sources */ = {isa = PBXBuildFile; fileRef = D6D55A6629D25CC600DD6C4A /* BackupView.swift */; };
		D6D55A7C29D5EE0800DD6C4A /* ReplaceTestingView.swift in Sources */ = {isa = PBXBuildFile; fileRef = D6D55A7B29D5EE0800DD6C4A /* ReplaceTestingView.swift */; };
		D6E3FC7B29CDCBF000D019D1 /* Dynamic in Frameworks */ = {isa = PBXBuildFile; productRef = D6E3FC7A29CDCBF000D019D1 /* Dynamic */; };
		D6E3FC8029CDCC2000D019D1 /* AssetCatalogWrapper in Frameworks */ = {isa = PBXBuildFile; productRef = D6E3FC7F29CDCC2000D019D1 /* AssetCatalogWrapper */; };
		D6E3FC8229CDDFE600D019D1 /* RootView.swift in Sources */ = {isa = PBXBuildFile; fileRef = D6E3FC8129CDDFE600D019D1 /* RootView.swift */; };
		D6E3FC8429CDE07700D019D1 /* Color++.swift in Sources */ = {isa = PBXBuildFile; fileRef = D6E3FC8329CDE07700D019D1 /* Color++.swift */; };
		D6E3FC8629CDE2F300D019D1 /* SpringBoardItem.swift in Sources */ = {isa = PBXBuildFile; fileRef = D6E3FC8529CDE2F300D019D1 /* SpringBoardItem.swift */; };
		D6E3FC8929CDE31600D019D1 /* IconStateItemManager.swift in Sources */ = {isa = PBXBuildFile; fileRef = D6E3FC8829CDE31600D019D1 /* IconStateItemManager.swift */; };
		D6E3FC8B29CDE33700D019D1 /* HomeBackupManager.swift in Sources */ = {isa = PBXBuildFile; fileRef = D6E3FC8A29CDE33700D019D1 /* HomeBackupManager.swift */; };
		D6E3FC8D29CDE34900D019D1 /* IconStateManager.swift in Sources */ = {isa = PBXBuildFile; fileRef = D6E3FC8C29CDE34900D019D1 /* IconStateManager.swift */; };
		D6E3FC9129CDE43400D019D1 /* Constants.swift in Sources */ = {isa = PBXBuildFile; fileRef = D6E3FC9029CDE43400D019D1 /* Constants.swift */; };
		D6E3FC9429CDE4C700D019D1 /* UIImage+UIImageAverageColorAddition.m in Sources */ = {isa = PBXBuildFile; fileRef = D6E3FC9229CDE4C600D019D1 /* UIImage+UIImageAverageColorAddition.m */; };
		D6E3FC9729CDE52900D019D1 /* AppabeticalView.swift in Sources */ = {isa = PBXBuildFile; fileRef = D6E3FC9629CDE52900D019D1 /* AppabeticalView.swift */; };
		D6E3FC9929CDE6F500D019D1 /* MultiSelectPickerView.swift in Sources */ = {isa = PBXBuildFile; fileRef = D6E3FC9829CDE6F500D019D1 /* MultiSelectPickerView.swift */; };
		D6E3FC9D29CDED8900D019D1 /* LinkCell.swift in Sources */ = {isa = PBXBuildFile; fileRef = D6E3FC9C29CDED8900D019D1 /* LinkCell.swift */; };
		D6E5528129B165400083E6A5 /* AppCommanderApp.swift in Sources */ = {isa = PBXBuildFile; fileRef = D6E5528029B165400083E6A5 /* AppCommanderApp.swift */; };
		D6E5528329B165400083E6A5 /* MainView.swift in Sources */ = {isa = PBXBuildFile; fileRef = D6E5528229B165400083E6A5 /* MainView.swift */; };
		D6E5528529B165410083E6A5 /* Assets.xcassets in Resources */ = {isa = PBXBuildFile; fileRef = D6E5528429B165410083E6A5 /* Assets.xcassets */; };
		D6E5528829B165410083E6A5 /* Preview Assets.xcassets in Resources */ = {isa = PBXBuildFile; fileRef = D6E5528729B165410083E6A5 /* Preview Assets.xcassets */; };
		D6E5529229B165420083E6A5 /* CacheTests.swift in Sources */ = {isa = PBXBuildFile; fileRef = D6E5529129B165420083E6A5 /* CacheTests.swift */; };
		D6E5529C29B165420083E6A5 /* CacheUITests.swift in Sources */ = {isa = PBXBuildFile; fileRef = D6E5529B29B165420083E6A5 /* CacheUITests.swift */; };
		D6E5529E29B165420083E6A5 /* CacheUITestsLaunchTests.swift in Sources */ = {isa = PBXBuildFile; fileRef = D6E5529D29B165420083E6A5 /* CacheUITestsLaunchTests.swift */; };
		D6E552B829B16E640083E6A5 /* Alert++.swift in Sources */ = {isa = PBXBuildFile; fileRef = D6E552B629B16E640083E6A5 /* Alert++.swift */; };
		D6E552B929B16E640083E6A5 /* Haptic++.swift in Sources */ = {isa = PBXBuildFile; fileRef = D6E552B729B16E640083E6A5 /* Haptic++.swift */; };
		D6E552BE29B2A0CC0083E6A5 /* ApplicationManager.swift in Sources */ = {isa = PBXBuildFile; fileRef = D6E552BD29B2A0CC0083E6A5 /* ApplicationManager.swift */; };
		D6E552C029B2A0FB0083E6A5 /* AppCell.swift in Sources */ = {isa = PBXBuildFile; fileRef = D6E552BF29B2A0FB0083E6A5 /* AppCell.swift */; };
		D6E552C629B2BE730083E6A5 /* AppView.swift in Sources */ = {isa = PBXBuildFile; fileRef = D6E552C529B2BE730083E6A5 /* AppView.swift */; };
		D6E552C929B2D60D0083E6A5 /* MarqueeText in Frameworks */ = {isa = PBXBuildFile; productRef = D6E552C829B2D60D0083E6A5 /* MarqueeText */; };
		D6E552CC29B2E9F50083E6A5 /* CommonFunctions.swift in Sources */ = {isa = PBXBuildFile; fileRef = D6E552CB29B2E9F50083E6A5 /* CommonFunctions.swift */; };
		D6E6CF6129EB53F6009FC842 /* FilePicker in Frameworks */ = {isa = PBXBuildFile; productRef = D6E6CF6029EB53F6009FC842 /* FilePicker */; };
		D6EF35F429F04BC800E43042 /* AbsoluteSolver in Frameworks */ = {isa = PBXBuildFile; productRef = D6EF35F329F04BC800E43042 /* AbsoluteSolver */; };
		D6EF362D29F1F3C800E43042 /* FluidGradient in Frameworks */ = {isa = PBXBuildFile; productRef = D6EF362C29F1F3C800E43042 /* FluidGradient */; };
		D6FC674929E5A28500585625 /* TranslatorsView.swift in Sources */ = {isa = PBXBuildFile; fileRef = D6FC674829E5A28500585625 /* TranslatorsView.swift */; };
		D6FC674E29E5A48A00585625 /* Localizable.strings in Resources */ = {isa = PBXBuildFile; fileRef = D6FC675029E5A48A00585625 /* Localizable.strings */; };
/* End PBXBuildFile section */

/* Begin PBXContainerItemProxy section */
		D6E5528E29B165420083E6A5 /* PBXContainerItemProxy */ = {
			isa = PBXContainerItemProxy;
			containerPortal = D6E5527529B165400083E6A5 /* Project object */;
			proxyType = 1;
			remoteGlobalIDString = D6E5527C29B165400083E6A5;
			remoteInfo = Cache;
		};
		D6E5529829B165420083E6A5 /* PBXContainerItemProxy */ = {
			isa = PBXContainerItemProxy;
			containerPortal = D6E5527529B165400083E6A5 /* Project object */;
			proxyType = 1;
			remoteGlobalIDString = D6E5527C29B165400083E6A5;
			remoteInfo = Cache;
		};
/* End PBXContainerItemProxy section */

/* Begin PBXFileReference section */
		7D64731129DDAE1B00DEBFBC /* AppCommander.entitlements */ = {isa = PBXFileReference; lastKnownFileType = text.plist.entitlements; path = AppCommander.entitlements; sourceTree = "<group>"; };
		D6076BC129F9E96700BC3C3C /* FileBrowserView.swift */ = {isa = PBXFileReference; lastKnownFileType = sourcecode.swift; path = FileBrowserView.swift; sourceTree = "<group>"; };
		D6076BC329FA0DCB00BC3C3C /* PackageCreditsView.swift */ = {isa = PBXFileReference; lastKnownFileType = sourcecode.swift; path = PackageCreditsView.swift; sourceTree = "<group>"; };
		D61FDEDC29BF9FDA007649E9 /* AppCommander-Info.plist */ = {isa = PBXFileReference; lastKnownFileType = text.plist; path = "AppCommander-Info.plist"; sourceTree = "<group>"; };
		D61FDEDD29C117AB007649E9 /* MoreInfoView.swift */ = {isa = PBXFileReference; lastKnownFileType = sourcecode.swift; path = MoreInfoView.swift; sourceTree = "<group>"; };
		D638E1A829DA02DF004CCA55 /* AVAudioPlayerNode++.swift */ = {isa = PBXFileReference; lastKnownFileType = sourcecode.swift; path = "AVAudioPlayerNode++.swift"; sourceTree = "<group>"; };
		D638E1AA29DA031E004CCA55 /* PlayerClass.swift */ = {isa = PBXFileReference; lastKnownFileType = sourcecode.swift; path = PlayerClass.swift; sourceTree = "<group>"; };
		D638E1AC29DA05B2004CCA55 /* AppleLoopsMixView.swift */ = {isa = PBXFileReference; lastKnownFileType = sourcecode.swift; path = AppleLoopsMixView.swift; sourceTree = "<group>"; };
		D638E1AE29DA0BDC004CCA55 /* Apple Loops Mix.m4a */ = {isa = PBXFileReference; lastKnownFileType = file; path = "Apple Loops Mix.m4a"; sourceTree = "<group>"; };
		D638E1B029DA6630004CCA55 /* FreeloadView.swift */ = {isa = PBXFileReference; lastKnownFileType = sourcecode.swift; path = FreeloadView.swift; sourceTree = "<group>"; };
		D638E1B229DAFA82004CCA55 /* View++.swift */ = {isa = PBXFileReference; lastKnownFileType = sourcecode.swift; path = "View++.swift"; sourceTree = "<group>"; };
		D638E1B429DE1CE1004CCA55 /* CoreServices.framework */ = {isa = PBXFileReference; lastKnownFileType = wrapper.framework; name = CoreServices.framework; path = System/Library/Frameworks/CoreServices.framework; sourceTree = SDKROOT; };
		D638E1B529DE1CE1004CCA55 /* MobileCoreServices.framework */ = {isa = PBXFileReference; lastKnownFileType = wrapper.framework; name = MobileCoreServices.framework; path = System/Library/Frameworks/MobileCoreServices.framework; sourceTree = SDKROOT; };
		D638E1B829DE1F15004CCA55 /* BackupServices.swift */ = {isa = PBXFileReference; lastKnownFileType = sourcecode.swift; path = BackupServices.swift; sourceTree = "<group>"; };
		D638E1BA29DE1F49004CCA55 /* BackupItem.swift */ = {isa = PBXFileReference; lastKnownFileType = sourcecode.swift; path = BackupItem.swift; sourceTree = "<group>"; };
		D638E1BF29DE2653004CCA55 /* iosplaceholder.png */ = {isa = PBXFileReference; lastKnownFileType = image.png; path = iosplaceholder.png; sourceTree = "<group>"; };
		D638E1C129DEDD15004CCA55 /* LoadingView.swift */ = {isa = PBXFileReference; lastKnownFileType = sourcecode.swift; path = LoadingView.swift; sourceTree = "<group>"; };
		D64A00C929FD75220000F32C /* GradientView.swift */ = {isa = PBXFileReference; lastKnownFileType = sourcecode.swift; path = GradientView.swift; sourceTree = "<group>"; };
		D65AA4C429D85FFB00C3EBE7 /* ToolsView.swift */ = {isa = PBXFileReference; lastKnownFileType = sourcecode.swift; path = ToolsView.swift; sourceTree = "<group>"; };
		D65AA4C629D860A100C3EBE7 /* WhitelistView.swift */ = {isa = PBXFileReference; lastKnownFileType = sourcecode.swift; path = WhitelistView.swift; sourceTree = "<group>"; };
		D65AA4C829D8613900C3EBE7 /* FileContentsView.swift */ = {isa = PBXFileReference; lastKnownFileType = sourcecode.swift; path = FileContentsView.swift; sourceTree = "<group>"; };
		D65AA4CB29D8615400C3EBE7 /* WhitelistManager.swift */ = {isa = PBXFileReference; lastKnownFileType = sourcecode.swift; path = WhitelistManager.swift; sourceTree = "<group>"; };
		D674868429D7821300BCE952 /* FM++.swift */ = {isa = PBXFileReference; lastKnownFileType = sourcecode.swift; path = "FM++.swift"; sourceTree = "<group>"; };
		D688309929E86D7D00F4D7DA /* KernelPanic.m */ = {isa = PBXFileReference; lastKnownFileType = sourcecode.c.objc; path = KernelPanic.m; sourceTree = "<group>"; };
		D688309B29E86FC100F4D7DA /* KernelPanic.h */ = {isa = PBXFileReference; lastKnownFileType = sourcecode.c.h; path = KernelPanic.h; sourceTree = "<group>"; };
		D688309C29E870F000F4D7DA /* IOSurface.framework */ = {isa = PBXFileReference; lastKnownFileType = wrapper.framework; name = IOSurface.framework; path = System/Library/Frameworks/IOSurface.framework; sourceTree = SDKROOT; };
		D688309E29E870FE00F4D7DA /* IOKit.framework */ = {isa = PBXFileReference; lastKnownFileType = wrapper.framework; name = IOKit.framework; path = System/Library/Frameworks/IOKit.framework; sourceTree = SDKROOT; };
		D68830A029E87C2B00F4D7DA /* de */ = {isa = PBXFileReference; lastKnownFileType = text.plist.strings; name = de; path = de.lproj/Localizable.strings; sourceTree = "<group>"; };
		D68830A229E87C2B00F4D7DA /* de */ = {isa = PBXFileReference; lastKnownFileType = text.plist.strings; name = de; path = "de.lproj/AppCommander-InfoPlist.strings"; sourceTree = "<group>"; };
		D68830A429E87C6200F4D7DA /* vi */ = {isa = PBXFileReference; lastKnownFileType = text.plist.strings; name = vi; path = vi.lproj/Localizable.strings; sourceTree = "<group>"; };
		D68830A529E87C6200F4D7DA /* en */ = {isa = PBXFileReference; lastKnownFileType = text.plist.strings; name = en; path = "en.lproj/AppCommander-InfoPlist.strings"; sourceTree = "<group>"; };
		D68830A729E8C20A00F4D7DA /* fr */ = {isa = PBXFileReference; lastKnownFileType = text.plist.strings; name = fr; path = fr.lproj/Localizable.strings; sourceTree = "<group>"; };
		D68830A829E9918B00F4D7DA /* fi */ = {isa = PBXFileReference; lastKnownFileType = text.plist.strings; name = fi; path = fi.lproj/Localizable.strings; sourceTree = "<group>"; };
		D68830A929E99F8A00F4D7DA /* ko */ = {isa = PBXFileReference; lastKnownFileType = text.plist.strings; name = ko; path = ko.lproj/Localizable.strings; sourceTree = "<group>"; };
		D6B79B0A29F2E51100E14922 /* AppIconView.swift */ = {isa = PBXFileReference; lastKnownFileType = sourcecode.swift; path = AppIconView.swift; sourceTree = "<group>"; };
		D6B79B0C29F44DE200E14922 /* ISIconCacheServiceProtocol-Protocol.h */ = {isa = PBXFileReference; lastKnownFileType = sourcecode.c.h; path = "ISIconCacheServiceProtocol-Protocol.h"; sourceTree = "<group>"; };
		D6B79B0D29F44DF100E14922 /* IconServices.h */ = {isa = PBXFileReference; lastKnownFileType = sourcecode.c.h; path = IconServices.h; sourceTree = "<group>"; };
		D6D22B6529C64D180095645B /* SettingsView.swift */ = {isa = PBXFileReference; lastKnownFileType = sourcecode.swift; path = SettingsView.swift; sourceTree = "<group>"; };
		D6D22B6C29C64DC20095645B /* PrivacyPolicyView.swift */ = {isa = PBXFileReference; lastKnownFileType = sourcecode.swift; path = PrivacyPolicyView.swift; sourceTree = "<group>"; };
		D6D22B6E29C65D6B0095645B /* Analytics.swift */ = {isa = PBXFileReference; lastKnownFileType = sourcecode.swift; path = Analytics.swift; sourceTree = "<group>"; };
		D6D55A6629D25CC600DD6C4A /* BackupView.swift */ = {isa = PBXFileReference; lastKnownFileType = sourcecode.swift; path = BackupView.swift; sourceTree = "<group>"; };
		D6D55A7B29D5EE0800DD6C4A /* ReplaceTestingView.swift */ = {isa = PBXFileReference; lastKnownFileType = sourcecode.swift; path = ReplaceTestingView.swift; sourceTree = "<group>"; };
		D6E3FC8129CDDFE600D019D1 /* RootView.swift */ = {isa = PBXFileReference; lastKnownFileType = sourcecode.swift; path = RootView.swift; sourceTree = "<group>"; };
		D6E3FC8329CDE07700D019D1 /* Color++.swift */ = {isa = PBXFileReference; lastKnownFileType = sourcecode.swift; path = "Color++.swift"; sourceTree = "<group>"; };
		D6E3FC8529CDE2F300D019D1 /* SpringBoardItem.swift */ = {isa = PBXFileReference; lastKnownFileType = sourcecode.swift; path = SpringBoardItem.swift; sourceTree = "<group>"; };
		D6E3FC8829CDE31600D019D1 /* IconStateItemManager.swift */ = {isa = PBXFileReference; lastKnownFileType = sourcecode.swift; path = IconStateItemManager.swift; sourceTree = "<group>"; };
		D6E3FC8A29CDE33700D019D1 /* HomeBackupManager.swift */ = {isa = PBXFileReference; lastKnownFileType = sourcecode.swift; path = HomeBackupManager.swift; sourceTree = "<group>"; };
		D6E3FC8C29CDE34900D019D1 /* IconStateManager.swift */ = {isa = PBXFileReference; lastKnownFileType = sourcecode.swift; path = IconStateManager.swift; sourceTree = "<group>"; };
		D6E3FC9029CDE43400D019D1 /* Constants.swift */ = {isa = PBXFileReference; lastKnownFileType = sourcecode.swift; path = Constants.swift; sourceTree = "<group>"; };
		D6E3FC9229CDE4C600D019D1 /* UIImage+UIImageAverageColorAddition.m */ = {isa = PBXFileReference; fileEncoding = 4; lastKnownFileType = sourcecode.c.objc; path = "UIImage+UIImageAverageColorAddition.m"; sourceTree = "<group>"; };
		D6E3FC9329CDE4C700D019D1 /* UIImage+UIImageAverageColorAddition.h */ = {isa = PBXFileReference; fileEncoding = 4; lastKnownFileType = sourcecode.c.h; path = "UIImage+UIImageAverageColorAddition.h"; sourceTree = "<group>"; };
		D6E3FC9629CDE52900D019D1 /* AppabeticalView.swift */ = {isa = PBXFileReference; lastKnownFileType = sourcecode.swift; path = AppabeticalView.swift; sourceTree = "<group>"; };
		D6E3FC9829CDE6F500D019D1 /* MultiSelectPickerView.swift */ = {isa = PBXFileReference; lastKnownFileType = sourcecode.swift; path = MultiSelectPickerView.swift; sourceTree = "<group>"; };
		D6E3FC9C29CDED8900D019D1 /* LinkCell.swift */ = {isa = PBXFileReference; lastKnownFileType = sourcecode.swift; path = LinkCell.swift; sourceTree = "<group>"; };
		D6E5527D29B165400083E6A5 /* AppCommander.app */ = {isa = PBXFileReference; explicitFileType = wrapper.application; includeInIndex = 0; path = AppCommander.app; sourceTree = BUILT_PRODUCTS_DIR; };
		D6E5528029B165400083E6A5 /* AppCommanderApp.swift */ = {isa = PBXFileReference; lastKnownFileType = sourcecode.swift; path = AppCommanderApp.swift; sourceTree = "<group>"; };
		D6E5528229B165400083E6A5 /* MainView.swift */ = {isa = PBXFileReference; lastKnownFileType = sourcecode.swift; path = MainView.swift; sourceTree = "<group>"; };
		D6E5528429B165410083E6A5 /* Assets.xcassets */ = {isa = PBXFileReference; lastKnownFileType = folder.assetcatalog; path = Assets.xcassets; sourceTree = "<group>"; };
		D6E5528729B165410083E6A5 /* Preview Assets.xcassets */ = {isa = PBXFileReference; lastKnownFileType = folder.assetcatalog; path = "Preview Assets.xcassets"; sourceTree = "<group>"; };
		D6E5528D29B165420083E6A5 /* AppCommanderTests.xctest */ = {isa = PBXFileReference; explicitFileType = wrapper.cfbundle; includeInIndex = 0; path = AppCommanderTests.xctest; sourceTree = BUILT_PRODUCTS_DIR; };
		D6E5529129B165420083E6A5 /* CacheTests.swift */ = {isa = PBXFileReference; lastKnownFileType = sourcecode.swift; path = CacheTests.swift; sourceTree = "<group>"; };
		D6E5529729B165420083E6A5 /* AppCommanderUITests.xctest */ = {isa = PBXFileReference; explicitFileType = wrapper.cfbundle; includeInIndex = 0; path = AppCommanderUITests.xctest; sourceTree = BUILT_PRODUCTS_DIR; };
		D6E5529B29B165420083E6A5 /* CacheUITests.swift */ = {isa = PBXFileReference; lastKnownFileType = sourcecode.swift; path = CacheUITests.swift; sourceTree = "<group>"; };
		D6E5529D29B165420083E6A5 /* CacheUITestsLaunchTests.swift */ = {isa = PBXFileReference; lastKnownFileType = sourcecode.swift; path = CacheUITestsLaunchTests.swift; sourceTree = "<group>"; };
		D6E552AB29B16E160083E6A5 /* AppCommander-Bridging-Header.h */ = {isa = PBXFileReference; lastKnownFileType = sourcecode.c.h; path = "AppCommander-Bridging-Header.h"; sourceTree = "<group>"; };
		D6E552B629B16E640083E6A5 /* Alert++.swift */ = {isa = PBXFileReference; fileEncoding = 4; lastKnownFileType = sourcecode.swift; path = "Alert++.swift"; sourceTree = "<group>"; };
		D6E552B729B16E640083E6A5 /* Haptic++.swift */ = {isa = PBXFileReference; fileEncoding = 4; lastKnownFileType = sourcecode.swift; path = "Haptic++.swift"; sourceTree = "<group>"; };
		D6E552BA29B1790E0083E6A5 /* CoreServices.h */ = {isa = PBXFileReference; lastKnownFileType = sourcecode.c.h; path = CoreServices.h; sourceTree = "<group>"; };
		D6E552BD29B2A0CC0083E6A5 /* ApplicationManager.swift */ = {isa = PBXFileReference; lastKnownFileType = sourcecode.swift; path = ApplicationManager.swift; sourceTree = "<group>"; };
		D6E552BF29B2A0FB0083E6A5 /* AppCell.swift */ = {isa = PBXFileReference; lastKnownFileType = sourcecode.swift; path = AppCell.swift; sourceTree = "<group>"; };
		D6E552C529B2BE730083E6A5 /* AppView.swift */ = {isa = PBXFileReference; lastKnownFileType = sourcecode.swift; path = AppView.swift; sourceTree = "<group>"; };
		D6E552CB29B2E9F50083E6A5 /* CommonFunctions.swift */ = {isa = PBXFileReference; lastKnownFileType = sourcecode.swift; path = CommonFunctions.swift; sourceTree = "<group>"; };
		D6FC674829E5A28500585625 /* TranslatorsView.swift */ = {isa = PBXFileReference; lastKnownFileType = sourcecode.swift; path = TranslatorsView.swift; sourceTree = "<group>"; };
		D6FC674F29E5A48A00585625 /* en */ = {isa = PBXFileReference; lastKnownFileType = text.plist.strings; name = en; path = en.lproj/Localizable.strings; sourceTree = "<group>"; };
		D6FC675129E5A4EA00585625 /* zh-CN */ = {isa = PBXFileReference; lastKnownFileType = text.plist.strings; name = "zh-CN"; path = "zh-CN.lproj/Localizable.strings"; sourceTree = "<group>"; };
/* End PBXFileReference section */

/* Begin PBXFrameworksBuildPhase section */
		D6E5527A29B165400083E6A5 /* Frameworks */ = {
			isa = PBXFrameworksBuildPhase;
			buildActionMask = 2147483647;
			files = (
				D6039E7F29E484DE002F91D7 /* DirtyCowKit in Frameworks */,
				D6EF362D29F1F3C800E43042 /* FluidGradient in Frameworks */,
				D6609AA029D73D680033F66D /* NSTask in Frameworks */,
				D64A00D029FEAC220000F32C /* FLEX in Frameworks */,
				D6EF35F429F04BC800E43042 /* AbsoluteSolver in Frameworks */,
				D6E3FC7B29CDCBF000D019D1 /* Dynamic in Frameworks */,
				D6E552C929B2D60D0083E6A5 /* MarqueeText in Frameworks */,
				D6D22B6229C64AC20095645B /* LocalConsole in Frameworks */,
				D688309F29E870FF00F4D7DA /* IOKit.framework in Frameworks */,
				D6609A9C29D73D680033F66D /* DiskImagesWrapper in Frameworks */,
				D638E1B629DE1CE1004CCA55 /* CoreServices.framework in Frameworks */,
				D688309D29E870F000F4D7DA /* IOSurface.framework in Frameworks */,
				D6E6CF6129EB53F6009FC842 /* FilePicker in Frameworks */,
				D638E1B729DE1CE1004CCA55 /* MobileCoreServices.framework in Frameworks */,
				D6E3FC8029CDCC2000D019D1 /* AssetCatalogWrapper in Frameworks */,
				D6609A9A29D73D680033F66D /* CompressionWrapper in Frameworks */,
			);
			runOnlyForDeploymentPostprocessing = 0;
		};
		D6E5528A29B165420083E6A5 /* Frameworks */ = {
			isa = PBXFrameworksBuildPhase;
			buildActionMask = 2147483647;
			files = (
			);
			runOnlyForDeploymentPostprocessing = 0;
		};
		D6E5529429B165420083E6A5 /* Frameworks */ = {
			isa = PBXFrameworksBuildPhase;
			buildActionMask = 2147483647;
			files = (
			);
			runOnlyForDeploymentPostprocessing = 0;
		};
/* End PBXFrameworksBuildPhase section */

/* Begin PBXGroup section */
		D617EEEF29BE5927001CCAC2 /* Models */ = {
			isa = PBXGroup;
			children = (
				D6E552BF29B2A0FB0083E6A5 /* AppCell.swift */,
				D64A00C929FD75220000F32C /* GradientView.swift */,
				D6E3FC9829CDE6F500D019D1 /* MultiSelectPickerView.swift */,
				D6E3FC9C29CDED8900D019D1 /* LinkCell.swift */,
			);
			path = Models;
			sourceTree = "<group>";
		};
		D64A00CB29FD760B0000F32C /* Navigation */ = {
			isa = PBXGroup;
			children = (
				D6E3FC8129CDDFE600D019D1 /* RootView.swift */,
				D6E5528229B165400083E6A5 /* MainView.swift */,
				D65AA4C429D85FFB00C3EBE7 /* ToolsView.swift */,
				D6E3FC9629CDE52900D019D1 /* AppabeticalView.swift */,
				D6D22B6529C64D180095645B /* SettingsView.swift */,
			);
			path = Navigation;
			sourceTree = "<group>";
		};
		D65AA4C329D85FEA00C3EBE7 /* Tools */ = {
			isa = PBXGroup;
			children = (
				D6076BC129F9E96700BC3C3C /* FileBrowserView.swift */,
				D638E1AC29DA05B2004CCA55 /* AppleLoopsMixView.swift */,
				D638E1B029DA6630004CCA55 /* FreeloadView.swift */,
				D65AA4CA29D8613C00C3EBE7 /* Whitelist */,
			);
			path = Tools;
			sourceTree = "<group>";
		};
		D65AA4CA29D8613C00C3EBE7 /* Whitelist */ = {
			isa = PBXGroup;
			children = (
				D65AA4C629D860A100C3EBE7 /* WhitelistView.swift */,
				D65AA4C829D8613900C3EBE7 /* FileContentsView.swift */,
			);
			path = Whitelist;
			sourceTree = "<group>";
		};
		D6609A9829D73D680033F66D /* Frameworks */ = {
			isa = PBXGroup;
			children = (
				D688309E29E870FE00F4D7DA /* IOKit.framework */,
				D688309C29E870F000F4D7DA /* IOSurface.framework */,
				D638E1B429DE1CE1004CCA55 /* CoreServices.framework */,
				D638E1B529DE1CE1004CCA55 /* MobileCoreServices.framework */,
			);
			name = Frameworks;
			sourceTree = "<group>";
		};
		D688309829E86D5D00F4D7DA /* ObjC */ = {
			isa = PBXGroup;
			children = (
				D6E3FC9329CDE4C700D019D1 /* UIImage+UIImageAverageColorAddition.h */,
				D6B79B0C29F44DE200E14922 /* ISIconCacheServiceProtocol-Protocol.h */,
				D6B79B0D29F44DF100E14922 /* IconServices.h */,
				D6E552BA29B1790E0083E6A5 /* CoreServices.h */,
				D6E552AB29B16E160083E6A5 /* AppCommander-Bridging-Header.h */,
				D6E3FC9229CDE4C600D019D1 /* UIImage+UIImageAverageColorAddition.m */,
				D688309929E86D7D00F4D7DA /* KernelPanic.m */,
				D688309B29E86FC100F4D7DA /* KernelPanic.h */,
			);
			path = ObjC;
			sourceTree = "<group>";
		};
		D6D539C529E1D2CC0098678C /* Classes */ = {
			isa = PBXGroup;
			children = (
				D638E1AA29DA031E004CCA55 /* PlayerClass.swift */,
				D6E3FC8529CDE2F300D019D1 /* SpringBoardItem.swift */,
				D638E1BA29DE1F49004CCA55 /* BackupItem.swift */,
			);
			path = Classes;
			sourceTree = "<group>";
		};
		D6D55A7A29D5EDCD00DD6C4A /* Backup */ = {
			isa = PBXGroup;
			children = (
				D6D55A6629D25CC600DD6C4A /* BackupView.swift */,
				D6D55A7B29D5EE0800DD6C4A /* ReplaceTestingView.swift */,
			);
			path = Backup;
			sourceTree = "<group>";
		};
		D6E3FC8729CDE30A00D019D1 /* Managers */ = {
			isa = PBXGroup;
			children = (
				D6E552CB29B2E9F50083E6A5 /* CommonFunctions.swift */,
				D6E3FC8829CDE31600D019D1 /* IconStateItemManager.swift */,
				D65AA4CB29D8615400C3EBE7 /* WhitelistManager.swift */,
				D6E3FC8A29CDE33700D019D1 /* HomeBackupManager.swift */,
				D638E1B829DE1F15004CCA55 /* BackupServices.swift */,
				D6E3FC8C29CDE34900D019D1 /* IconStateManager.swift */,
				D6E552BD29B2A0CC0083E6A5 /* ApplicationManager.swift */,
				D6D22B6E29C65D6B0095645B /* Analytics.swift */,
			);
			path = Managers;
			sourceTree = "<group>";
		};
		D6E3FC9A29CDECFD00D019D1 /* Settings */ = {
			isa = PBXGroup;
			children = (
				D6D22B6C29C64DC20095645B /* PrivacyPolicyView.swift */,
				D6B79B0A29F2E51100E14922 /* AppIconView.swift */,
				D6FC674829E5A28500585625 /* TranslatorsView.swift */,
				D6076BC329FA0DCB00BC3C3C /* PackageCreditsView.swift */,
			);
			path = Settings;
			sourceTree = "<group>";
		};
		D6E3FC9B29CDED1600D019D1 /* AppManager */ = {
			isa = PBXGroup;
			children = (
				D6E552C529B2BE730083E6A5 /* AppView.swift */,
				D61FDEDD29C117AB007649E9 /* MoreInfoView.swift */,
				D65AA4C329D85FEA00C3EBE7 /* Tools */,
				D6D55A7A29D5EDCD00DD6C4A /* Backup */,
			);
			path = AppManager;
			sourceTree = "<group>";
		};
		D6E5527429B165400083E6A5 = {
			isa = PBXGroup;
			children = (
				D61FDEDC29BF9FDA007649E9 /* AppCommander-Info.plist */,
				D68830A129E87C2B00F4D7DA /* AppCommander-InfoPlist.strings */,
				D6E5527F29B165400083E6A5 /* AppCommander */,
				D6E5529029B165420083E6A5 /* CacheTests */,
				D6E5529A29B165420083E6A5 /* CacheUITests */,
				D6E5527E29B165400083E6A5 /* Products */,
				D6609A9829D73D680033F66D /* Frameworks */,
			);
			sourceTree = "<group>";
		};
		D6E5527E29B165400083E6A5 /* Products */ = {
			isa = PBXGroup;
			children = (
				D6E5527D29B165400083E6A5 /* AppCommander.app */,
				D6E5528D29B165420083E6A5 /* AppCommanderTests.xctest */,
				D6E5529729B165420083E6A5 /* AppCommanderUITests.xctest */,
			);
			name = Products;
			sourceTree = "<group>";
		};
		D6E5527F29B165400083E6A5 /* AppCommander */ = {
			isa = PBXGroup;
			children = (
				7D64731129DDAE1B00DEBFBC /* AppCommander.entitlements */,
				D6FC675029E5A48A00585625 /* Localizable.strings */,
				D638E1BF29DE2653004CCA55 /* iosplaceholder.png */,
				D638E1AE29DA0BDC004CCA55 /* Apple Loops Mix.m4a */,
				D6E5528029B165400083E6A5 /* AppCommanderApp.swift */,
				D688309829E86D5D00F4D7DA /* ObjC */,
				D6E3FC9029CDE43400D019D1 /* Constants.swift */,
				D6D539C529E1D2CC0098678C /* Classes */,
				D6E3FC8729CDE30A00D019D1 /* Managers */,
				D6E552B529B16E500083E6A5 /* Extensions */,
				D6E552C429B2BE3C0083E6A5 /* Views */,
				D617EEEF29BE5927001CCAC2 /* Models */,
				D6E5528429B165410083E6A5 /* Assets.xcassets */,
				D6E5528629B165410083E6A5 /* Preview Content */,
			);
			path = AppCommander;
			sourceTree = "<group>";
		};
		D6E5528629B165410083E6A5 /* Preview Content */ = {
			isa = PBXGroup;
			children = (
				D6E5528729B165410083E6A5 /* Preview Assets.xcassets */,
			);
			path = "Preview Content";
			sourceTree = "<group>";
		};
		D6E5529029B165420083E6A5 /* CacheTests */ = {
			isa = PBXGroup;
			children = (
				D6E5529129B165420083E6A5 /* CacheTests.swift */,
			);
			path = CacheTests;
			sourceTree = "<group>";
		};
		D6E5529A29B165420083E6A5 /* CacheUITests */ = {
			isa = PBXGroup;
			children = (
				D6E5529B29B165420083E6A5 /* CacheUITests.swift */,
				D6E5529D29B165420083E6A5 /* CacheUITestsLaunchTests.swift */,
			);
			path = CacheUITests;
			sourceTree = "<group>";
		};
		D6E552B529B16E500083E6A5 /* Extensions */ = {
			isa = PBXGroup;
			children = (
				D6E552B629B16E640083E6A5 /* Alert++.swift */,
				D638E1A829DA02DF004CCA55 /* AVAudioPlayerNode++.swift */,
				D6E3FC8329CDE07700D019D1 /* Color++.swift */,
				D6E552B729B16E640083E6A5 /* Haptic++.swift */,
				D638E1B229DAFA82004CCA55 /* View++.swift */,
				D674868429D7821300BCE952 /* FM++.swift */,
			);
			path = Extensions;
			sourceTree = "<group>";
		};
		D6E552C429B2BE3C0083E6A5 /* Views */ = {
			isa = PBXGroup;
			children = (
				D64A00CB29FD760B0000F32C /* Navigation */,
				D6E3FC9B29CDED1600D019D1 /* AppManager */,
				D6E3FC9A29CDECFD00D019D1 /* Settings */,
				D638E1C129DEDD15004CCA55 /* LoadingView.swift */,
			);
			path = Views;
			sourceTree = "<group>";
		};
/* End PBXGroup section */

/* Begin PBXNativeTarget section */
		D6E5527C29B165400083E6A5 /* AppCommander */ = {
			isa = PBXNativeTarget;
			buildConfigurationList = D6E552A129B165420083E6A5 /* Build configuration list for PBXNativeTarget "AppCommander" */;
			buildPhases = (
				D6E5527929B165400083E6A5 /* Sources */,
				D6E5527A29B165400083E6A5 /* Frameworks */,
				D6E5527B29B165400083E6A5 /* Resources */,
			);
			buildRules = (
			);
			dependencies = (
			);
			name = AppCommander;
			packageProductDependencies = (
				D6E552C829B2D60D0083E6A5 /* MarqueeText */,
				D6D22B6129C64AC20095645B /* LocalConsole */,
				D6E3FC7A29CDCBF000D019D1 /* Dynamic */,
				D6E3FC7F29CDCC2000D019D1 /* AssetCatalogWrapper */,
				D6609A9929D73D680033F66D /* CompressionWrapper */,
				D6609A9B29D73D680033F66D /* DiskImagesWrapper */,
				D6609A9F29D73D680033F66D /* NSTask */,
				D6039E7E29E484DE002F91D7 /* DirtyCowKit */,
				D6E6CF6029EB53F6009FC842 /* FilePicker */,
				D6EF35F329F04BC800E43042 /* AbsoluteSolver */,
				D6EF362C29F1F3C800E43042 /* FluidGradient */,
				D64A00CF29FEAC220000F32C /* FLEX */,
			);
			productName = Cache;
			productReference = D6E5527D29B165400083E6A5 /* AppCommander.app */;
			productType = "com.apple.product-type.application";
		};
		D6E5528C29B165420083E6A5 /* AppCommanderTests */ = {
			isa = PBXNativeTarget;
			buildConfigurationList = D6E552A429B165420083E6A5 /* Build configuration list for PBXNativeTarget "AppCommanderTests" */;
			buildPhases = (
				D6E5528929B165420083E6A5 /* Sources */,
				D6E5528A29B165420083E6A5 /* Frameworks */,
				D6E5528B29B165420083E6A5 /* Resources */,
			);
			buildRules = (
			);
			dependencies = (
				D6E5528F29B165420083E6A5 /* PBXTargetDependency */,
			);
			name = AppCommanderTests;
			productName = CacheTests;
			productReference = D6E5528D29B165420083E6A5 /* AppCommanderTests.xctest */;
			productType = "com.apple.product-type.bundle.unit-test";
		};
		D6E5529629B165420083E6A5 /* AppCommanderUITests */ = {
			isa = PBXNativeTarget;
			buildConfigurationList = D6E552A729B165420083E6A5 /* Build configuration list for PBXNativeTarget "AppCommanderUITests" */;
			buildPhases = (
				D6E5529329B165420083E6A5 /* Sources */,
				D6E5529429B165420083E6A5 /* Frameworks */,
				D6E5529529B165420083E6A5 /* Resources */,
			);
			buildRules = (
			);
			dependencies = (
				D6E5529929B165420083E6A5 /* PBXTargetDependency */,
			);
			name = AppCommanderUITests;
			productName = CacheUITests;
			productReference = D6E5529729B165420083E6A5 /* AppCommanderUITests.xctest */;
			productType = "com.apple.product-type.bundle.ui-testing";
		};
/* End PBXNativeTarget section */

/* Begin PBXProject section */
		D6E5527529B165400083E6A5 /* Project object */ = {
			isa = PBXProject;
			attributes = {
				BuildIndependentTargetsInParallel = 1;
				LastSwiftUpdateCheck = 1420;
				LastUpgradeCheck = 1430;
				TargetAttributes = {
					D6E5527C29B165400083E6A5 = {
						CreatedOnToolsVersion = 14.2;
						LastSwiftMigration = 1420;
					};
					D6E5528C29B165420083E6A5 = {
						CreatedOnToolsVersion = 14.2;
						TestTargetID = D6E5527C29B165400083E6A5;
					};
					D6E5529629B165420083E6A5 = {
						CreatedOnToolsVersion = 14.2;
						TestTargetID = D6E5527C29B165400083E6A5;
					};
				};
			};
			buildConfigurationList = D6E5527829B165400083E6A5 /* Build configuration list for PBXProject "AppCommander" */;
			compatibilityVersion = "Xcode 14.0";
			developmentRegion = en;
			hasScannedForEncodings = 0;
			knownRegions = (
				en,
				Base,
				"zh-CN",
				de,
				vi,
				fr,
				fi,
				ko,
			);
			mainGroup = D6E5527429B165400083E6A5;
			packageReferences = (
				D6E552C729B2D60D0083E6A5 /* XCRemoteSwiftPackageReference "MarqueeText" */,
				D6D22B6029C64AC20095645B /* XCRemoteSwiftPackageReference "LocalConsole" */,
				D6E3FC7929CDCBF000D019D1 /* XCRemoteSwiftPackageReference "Dynamic" */,
				D6E3FC7C29CDCC2000D019D1 /* XCRemoteSwiftPackageReference "PrivateKits" */,
				D6039E7D29E484DE002F91D7 /* XCRemoteSwiftPackageReference "DirtyCowKit" */,
				D6E6CF5F29EB53F6009FC842 /* XCRemoteSwiftPackageReference "FilePicker" */,
				D6EF35F229F04BC800E43042 /* XCRemoteSwiftPackageReference "AbsoluteSolver-iOS" */,
				D6EF362B29F1F3C800E43042 /* XCRemoteSwiftPackageReference "FluidGradient" */,
				D64A00CE29FEAC220000F32C /* XCRemoteSwiftPackageReference "FLEX" */,
			);
			productRefGroup = D6E5527E29B165400083E6A5 /* Products */;
			projectDirPath = "";
			projectRoot = "";
			targets = (
				D6E5527C29B165400083E6A5 /* AppCommander */,
				D6E5528C29B165420083E6A5 /* AppCommanderTests */,
				D6E5529629B165420083E6A5 /* AppCommanderUITests */,
			);
		};
/* End PBXProject section */

/* Begin PBXResourcesBuildPhase section */
		D6E5527B29B165400083E6A5 /* Resources */ = {
			isa = PBXResourcesBuildPhase;
			buildActionMask = 2147483647;
			files = (
				D68830A329E87C2B00F4D7DA /* AppCommander-InfoPlist.strings in Resources */,
				D6FC674E29E5A48A00585625 /* Localizable.strings in Resources */,
				D6E5528829B165410083E6A5 /* Preview Assets.xcassets in Resources */,
				D638E1AF29DA0BDD004CCA55 /* Apple Loops Mix.m4a in Resources */,
				D6E5528529B165410083E6A5 /* Assets.xcassets in Resources */,
				D638E1C029DE2653004CCA55 /* iosplaceholder.png in Resources */,
			);
			runOnlyForDeploymentPostprocessing = 0;
		};
		D6E5528B29B165420083E6A5 /* Resources */ = {
			isa = PBXResourcesBuildPhase;
			buildActionMask = 2147483647;
			files = (
			);
			runOnlyForDeploymentPostprocessing = 0;
		};
		D6E5529529B165420083E6A5 /* Resources */ = {
			isa = PBXResourcesBuildPhase;
			buildActionMask = 2147483647;
			files = (
			);
			runOnlyForDeploymentPostprocessing = 0;
		};
/* End PBXResourcesBuildPhase section */

/* Begin PBXSourcesBuildPhase section */
		D6E5527929B165400083E6A5 /* Sources */ = {
			isa = PBXSourcesBuildPhase;
			buildActionMask = 2147483647;
			files = (
				D6D22B6D29C64DC20095645B /* PrivacyPolicyView.swift in Sources */,
				D6E552BE29B2A0CC0083E6A5 /* ApplicationManager.swift in Sources */,
				D64A00CA29FD75220000F32C /* GradientView.swift in Sources */,
				D6E3FC8629CDE2F300D019D1 /* SpringBoardItem.swift in Sources */,
				D6076BC229F9E96700BC3C3C /* FileBrowserView.swift in Sources */,
				D638E1C229DEDD15004CCA55 /* LoadingView.swift in Sources */,
				D65AA4C929D8613900C3EBE7 /* FileContentsView.swift in Sources */,
				D6E3FC9929CDE6F500D019D1 /* MultiSelectPickerView.swift in Sources */,
				D65AA4C729D860A100C3EBE7 /* WhitelistView.swift in Sources */,
				D6FC674929E5A28500585625 /* TranslatorsView.swift in Sources */,
				D6D22B6F29C65D6B0095645B /* Analytics.swift in Sources */,
				D65AA4CC29D8615400C3EBE7 /* WhitelistManager.swift in Sources */,
				D6E3FC8229CDDFE600D019D1 /* RootView.swift in Sources */,
				D6E3FC8929CDE31600D019D1 /* IconStateItemManager.swift in Sources */,
				D6E552B929B16E640083E6A5 /* Haptic++.swift in Sources */,
				D6E3FC8D29CDE34900D019D1 /* IconStateManager.swift in Sources */,
				D6E5528329B165400083E6A5 /* MainView.swift in Sources */,
				D6E552C629B2BE730083E6A5 /* AppView.swift in Sources */,
				D61FDEDE29C117AB007649E9 /* MoreInfoView.swift in Sources */,
				D6D55A6729D25CC600DD6C4A /* BackupView.swift in Sources */,
				D6D22B6629C64D180095645B /* SettingsView.swift in Sources */,
				D6E3FC9729CDE52900D019D1 /* AppabeticalView.swift in Sources */,
				D65AA4C529D85FFB00C3EBE7 /* ToolsView.swift in Sources */,
				D6E3FC9D29CDED8900D019D1 /* LinkCell.swift in Sources */,
				D6E552CC29B2E9F50083E6A5 /* CommonFunctions.swift in Sources */,
				D6076BC429FA0DCB00BC3C3C /* PackageCreditsView.swift in Sources */,
				D6E3FC8B29CDE33700D019D1 /* HomeBackupManager.swift in Sources */,
				D638E1B129DA6630004CCA55 /* FreeloadView.swift in Sources */,
				D674868529D7821300BCE952 /* FM++.swift in Sources */,
				D6E552B829B16E640083E6A5 /* Alert++.swift in Sources */,
				D6E3FC8429CDE07700D019D1 /* Color++.swift in Sources */,
				D638E1AD29DA05B2004CCA55 /* AppleLoopsMixView.swift in Sources */,
				D6E552C029B2A0FB0083E6A5 /* AppCell.swift in Sources */,
				D638E1A929DA02DF004CCA55 /* AVAudioPlayerNode++.swift in Sources */,
				D6D55A7C29D5EE0800DD6C4A /* ReplaceTestingView.swift in Sources */,
				D638E1B929DE1F15004CCA55 /* BackupServices.swift in Sources */,
				D6E5528129B165400083E6A5 /* AppCommanderApp.swift in Sources */,
				D6E3FC9429CDE4C700D019D1 /* UIImage+UIImageAverageColorAddition.m in Sources */,
				D6E3FC9129CDE43400D019D1 /* Constants.swift in Sources */,
				D638E1B329DAFA82004CCA55 /* View++.swift in Sources */,
				D6B79B0B29F2E51100E14922 /* AppIconView.swift in Sources */,
				D638E1BB29DE1F49004CCA55 /* BackupItem.swift in Sources */,
				D688309A29E86D7D00F4D7DA /* KernelPanic.m in Sources */,
				D638E1AB29DA031E004CCA55 /* PlayerClass.swift in Sources */,
			);
			runOnlyForDeploymentPostprocessing = 0;
		};
		D6E5528929B165420083E6A5 /* Sources */ = {
			isa = PBXSourcesBuildPhase;
			buildActionMask = 2147483647;
			files = (
				D6E5529229B165420083E6A5 /* CacheTests.swift in Sources */,
			);
			runOnlyForDeploymentPostprocessing = 0;
		};
		D6E5529329B165420083E6A5 /* Sources */ = {
			isa = PBXSourcesBuildPhase;
			buildActionMask = 2147483647;
			files = (
				D6E5529C29B165420083E6A5 /* CacheUITests.swift in Sources */,
				D6E5529E29B165420083E6A5 /* CacheUITestsLaunchTests.swift in Sources */,
			);
			runOnlyForDeploymentPostprocessing = 0;
		};
/* End PBXSourcesBuildPhase section */

/* Begin PBXTargetDependency section */
		D6E5528F29B165420083E6A5 /* PBXTargetDependency */ = {
			isa = PBXTargetDependency;
			target = D6E5527C29B165400083E6A5 /* AppCommander */;
			targetProxy = D6E5528E29B165420083E6A5 /* PBXContainerItemProxy */;
		};
		D6E5529929B165420083E6A5 /* PBXTargetDependency */ = {
			isa = PBXTargetDependency;
			target = D6E5527C29B165400083E6A5 /* AppCommander */;
			targetProxy = D6E5529829B165420083E6A5 /* PBXContainerItemProxy */;
		};
/* End PBXTargetDependency section */

/* Begin PBXVariantGroup section */
		D68830A129E87C2B00F4D7DA /* AppCommander-InfoPlist.strings */ = {
			isa = PBXVariantGroup;
			children = (
				D68830A229E87C2B00F4D7DA /* de */,
				D68830A529E87C6200F4D7DA /* en */,
			);
			name = "AppCommander-InfoPlist.strings";
			sourceTree = "<group>";
		};
		D6FC675029E5A48A00585625 /* Localizable.strings */ = {
			isa = PBXVariantGroup;
			children = (
				D6FC674F29E5A48A00585625 /* en */,
				D6FC675129E5A4EA00585625 /* zh-CN */,
				D68830A029E87C2B00F4D7DA /* de */,
				D68830A429E87C6200F4D7DA /* vi */,
				D68830A729E8C20A00F4D7DA /* fr */,
				D68830A829E9918B00F4D7DA /* fi */,
				D68830A929E99F8A00F4D7DA /* ko */,
			);
			name = Localizable.strings;
			sourceTree = "<group>";
		};
/* End PBXVariantGroup section */

/* Begin XCBuildConfiguration section */
		D6E5529F29B165420083E6A5 /* Debug */ = {
			isa = XCBuildConfiguration;
			buildSettings = {
				ALWAYS_SEARCH_USER_PATHS = NO;
				ARCHS = "$(ARCHS_STANDARD)";
				CLANG_ANALYZER_LOCALIZABILITY_NONLOCALIZED = YES;
				CLANG_ANALYZER_NONNULL = YES;
				CLANG_ANALYZER_NUMBER_OBJECT_CONVERSION = YES_AGGRESSIVE;
				CLANG_CXX_LANGUAGE_STANDARD = "gnu++20";
				CLANG_ENABLE_MODULES = YES;
				CLANG_ENABLE_OBJC_ARC = YES;
				CLANG_ENABLE_OBJC_WEAK = YES;
				CLANG_WARN_BLOCK_CAPTURE_AUTORELEASING = YES;
				CLANG_WARN_BOOL_CONVERSION = YES;
				CLANG_WARN_COMMA = YES;
				CLANG_WARN_CONSTANT_CONVERSION = YES;
				CLANG_WARN_DEPRECATED_OBJC_IMPLEMENTATIONS = YES;
				CLANG_WARN_DIRECT_OBJC_ISA_USAGE = YES_ERROR;
				CLANG_WARN_DOCUMENTATION_COMMENTS = YES;
				CLANG_WARN_EMPTY_BODY = YES;
				CLANG_WARN_ENUM_CONVERSION = YES;
				CLANG_WARN_INFINITE_RECURSION = YES;
				CLANG_WARN_INT_CONVERSION = YES;
				CLANG_WARN_NON_LITERAL_NULL_CONVERSION = YES;
				CLANG_WARN_OBJC_IMPLICIT_RETAIN_SELF = YES;
				CLANG_WARN_OBJC_LITERAL_CONVERSION = YES;
				CLANG_WARN_OBJC_ROOT_CLASS = YES_ERROR;
				CLANG_WARN_QUOTED_INCLUDE_IN_FRAMEWORK_HEADER = YES;
				CLANG_WARN_RANGE_LOOP_ANALYSIS = YES;
				CLANG_WARN_STRICT_PROTOTYPES = YES;
				CLANG_WARN_SUSPICIOUS_MOVE = YES;
				CLANG_WARN_UNGUARDED_AVAILABILITY = YES_AGGRESSIVE;
				CLANG_WARN_UNREACHABLE_CODE = YES;
				CLANG_WARN__DUPLICATE_METHOD_MATCH = YES;
				COPY_PHASE_STRIP = NO;
				DEBUG_INFORMATION_FORMAT = dwarf;
				ENABLE_STRICT_OBJC_MSGSEND = YES;
				ENABLE_TESTABILITY = YES;
				GCC_C_LANGUAGE_STANDARD = gnu11;
				GCC_DYNAMIC_NO_PIC = NO;
				GCC_NO_COMMON_BLOCKS = YES;
				GCC_OPTIMIZATION_LEVEL = 0;
				GCC_PREPROCESSOR_DEFINITIONS = (
					"DEBUG=1",
					"$(inherited)",
				);
				GCC_WARN_64_TO_32_BIT_CONVERSION = YES;
				GCC_WARN_ABOUT_RETURN_TYPE = YES_ERROR;
				GCC_WARN_UNDECLARED_SELECTOR = YES;
				GCC_WARN_UNINITIALIZED_AUTOS = YES_AGGRESSIVE;
				GCC_WARN_UNUSED_FUNCTION = YES;
				GCC_WARN_UNUSED_VARIABLE = YES;
				GENERATE_INFOPLIST_FILE = YES;
				INFOPLIST_KEY_NSAppleMusicUsageDescription = "Grant full disk access. Required for app functionality.";
				IPHONEOS_DEPLOYMENT_TARGET = 15.0;
				MTL_ENABLE_DEBUG_INFO = INCLUDE_SOURCE;
				MTL_FAST_MATH = YES;
				ONLY_ACTIVE_ARCH = YES;
				OTHER_LDFLAGS = (
					"-v",
					"--verbose",
				);
				SDKROOT = iphoneos;
				SWIFT_ACTIVE_COMPILATION_CONDITIONS = DEBUG;
				SWIFT_OPTIMIZATION_LEVEL = "-Onone";
				WARNING_CFLAGS = (
					"-Wno-deprecated-declarations",
					"-Wno-deprecated",
				);
			};
			name = Debug;
		};
		D6E552A029B165420083E6A5 /* Release */ = {
			isa = XCBuildConfiguration;
			buildSettings = {
				ALWAYS_SEARCH_USER_PATHS = NO;
				ARCHS = "$(ARCHS_STANDARD)";
				CLANG_ANALYZER_LOCALIZABILITY_NONLOCALIZED = YES;
				CLANG_ANALYZER_NONNULL = YES;
				CLANG_ANALYZER_NUMBER_OBJECT_CONVERSION = YES_AGGRESSIVE;
				CLANG_CXX_LANGUAGE_STANDARD = "gnu++20";
				CLANG_ENABLE_MODULES = YES;
				CLANG_ENABLE_OBJC_ARC = YES;
				CLANG_ENABLE_OBJC_WEAK = YES;
				CLANG_WARN_BLOCK_CAPTURE_AUTORELEASING = YES;
				CLANG_WARN_BOOL_CONVERSION = YES;
				CLANG_WARN_COMMA = YES;
				CLANG_WARN_CONSTANT_CONVERSION = YES;
				CLANG_WARN_DEPRECATED_OBJC_IMPLEMENTATIONS = YES;
				CLANG_WARN_DIRECT_OBJC_ISA_USAGE = YES_ERROR;
				CLANG_WARN_DOCUMENTATION_COMMENTS = YES;
				CLANG_WARN_EMPTY_BODY = YES;
				CLANG_WARN_ENUM_CONVERSION = YES;
				CLANG_WARN_INFINITE_RECURSION = YES;
				CLANG_WARN_INT_CONVERSION = YES;
				CLANG_WARN_NON_LITERAL_NULL_CONVERSION = YES;
				CLANG_WARN_OBJC_IMPLICIT_RETAIN_SELF = YES;
				CLANG_WARN_OBJC_LITERAL_CONVERSION = YES;
				CLANG_WARN_OBJC_ROOT_CLASS = YES_ERROR;
				CLANG_WARN_QUOTED_INCLUDE_IN_FRAMEWORK_HEADER = YES;
				CLANG_WARN_RANGE_LOOP_ANALYSIS = YES;
				CLANG_WARN_STRICT_PROTOTYPES = YES;
				CLANG_WARN_SUSPICIOUS_MOVE = YES;
				CLANG_WARN_UNGUARDED_AVAILABILITY = YES_AGGRESSIVE;
				CLANG_WARN_UNREACHABLE_CODE = YES;
				CLANG_WARN__DUPLICATE_METHOD_MATCH = YES;
				COPY_PHASE_STRIP = NO;
				DEBUG_INFORMATION_FORMAT = "dwarf-with-dsym";
				ENABLE_NS_ASSERTIONS = NO;
				ENABLE_STRICT_OBJC_MSGSEND = YES;
				GCC_C_LANGUAGE_STANDARD = gnu11;
				GCC_NO_COMMON_BLOCKS = YES;
				GCC_WARN_64_TO_32_BIT_CONVERSION = YES;
				GCC_WARN_ABOUT_RETURN_TYPE = YES_ERROR;
				GCC_WARN_UNDECLARED_SELECTOR = YES;
				GCC_WARN_UNINITIALIZED_AUTOS = YES_AGGRESSIVE;
				GCC_WARN_UNUSED_FUNCTION = YES;
				GCC_WARN_UNUSED_VARIABLE = YES;
				GENERATE_INFOPLIST_FILE = YES;
				INFOPLIST_KEY_NSAppleMusicUsageDescription = "Grant full disk access. Required for app functionality.";
				IPHONEOS_DEPLOYMENT_TARGET = 15.0;
				MTL_ENABLE_DEBUG_INFO = NO;
				MTL_FAST_MATH = YES;
				OTHER_LDFLAGS = (
					"-v",
					"--verbose",
				);
				SDKROOT = iphoneos;
				SWIFT_COMPILATION_MODE = wholemodule;
				SWIFT_OPTIMIZATION_LEVEL = "-O";
				VALIDATE_PRODUCT = YES;
				WARNING_CFLAGS = (
					"-Wno-deprecated-declarations",
					"-Wno-deprecated",
				);
			};
			name = Release;
		};
		D6E552A229B165420083E6A5 /* Debug */ = {
			isa = XCBuildConfiguration;
			buildSettings = {
				ASSETCATALOG_COMPILER_ALTERNATE_APPICON_NAMES = "AppIcon2 AppIcon3 AppIcon4 AppIcon5";
				ASSETCATALOG_COMPILER_APPICON_NAME = AppIcon;
				ASSETCATALOG_COMPILER_GLOBAL_ACCENT_COLOR_NAME = AccentColor;
				ASSETCATALOG_COMPILER_INCLUDE_ALL_APPICON_ASSETS = NO;
				CLANG_ENABLE_MODULES = YES;
				CLANG_LINK_OBJC_RUNTIME = YES;
				CODE_SIGN_ENTITLEMENTS = AppCommander/AppCommander.entitlements;
				CODE_SIGN_IDENTITY = "Apple Development";
				CODE_SIGN_STYLE = Automatic;
				CURRENT_PROJECT_VERSION = "Beta 3";
				DEVELOPMENT_ASSET_PATHS = "\"AppCommander/Preview Content\"";
				DEVELOPMENT_TEAM = "";
				ENABLE_PREVIEWS = YES;
				GENERATE_INFOPLIST_FILE = YES;
				INFOPLIST_FILE = "AppCommander-Info.plist";
				INFOPLIST_KEY_CFBundleDisplayName = AppCommander;
				INFOPLIST_KEY_LSApplicationCategoryType = "public.app-category.utilities";
				INFOPLIST_KEY_NSAppleMusicUsageDescription = "Grant full disk access. Required for app functionality.";
				INFOPLIST_KEY_UIApplicationSceneManifest_Generation = YES;
				INFOPLIST_KEY_UIApplicationSupportsIndirectInputEvents = YES;
				INFOPLIST_KEY_UILaunchScreen_Generation = YES;
				INFOPLIST_KEY_UISupportedInterfaceOrientations = UIInterfaceOrientationPortrait;
				INFOPLIST_KEY_UISupportedInterfaceOrientations_iPad = "UIInterfaceOrientationLandscapeLeft UIInterfaceOrientationLandscapeRight UIInterfaceOrientationPortrait UIInterfaceOrientationPortraitUpsideDown";
				INFOPLIST_KEY_UISupportsDocumentBrowser = NO;
				IPHONEOS_DEPLOYMENT_TARGET = 15.5;
				LD_RUNPATH_SEARCH_PATHS = (
					"$(inherited)",
					"@executable_path/Frameworks",
				);
				MARKETING_VERSION = 0.2.0;
				OTHER_LDFLAGS = "-v";
				PRODUCT_BUNDLE_IDENTIFIER = ca.bomberfish.AppCommander;
				PRODUCT_NAME = "$(TARGET_NAME)";
				PROVISIONING_PROFILE_SPECIFIER = "";
				SWIFT_EMIT_LOC_STRINGS = YES;
				SWIFT_OBJC_BRIDGING_HEADER = "AppCommander/ObjC/AppCommander-Bridging-Header.h";
				SWIFT_OPTIMIZATION_LEVEL = "-Onone";
				SWIFT_VERSION = 5.0;
				TARGETED_DEVICE_FAMILY = "1,2";
			};
			name = Debug;
		};
		D6E552A329B165420083E6A5 /* Release */ = {
			isa = XCBuildConfiguration;
			buildSettings = {
				ASSETCATALOG_COMPILER_ALTERNATE_APPICON_NAMES = "AppIcon2 AppIcon3 AppIcon4 AppIcon5";
				ASSETCATALOG_COMPILER_APPICON_NAME = AppIcon;
				ASSETCATALOG_COMPILER_GLOBAL_ACCENT_COLOR_NAME = AccentColor;
				ASSETCATALOG_COMPILER_INCLUDE_ALL_APPICON_ASSETS = NO;
				CLANG_ENABLE_MODULES = YES;
				CLANG_LINK_OBJC_RUNTIME = YES;
				CODE_SIGN_ENTITLEMENTS = AppCommander/AppCommander.entitlements;
				CODE_SIGN_IDENTITY = "Apple Development";
				CODE_SIGN_STYLE = Automatic;
				CURRENT_PROJECT_VERSION = "Beta 3";
				DEVELOPMENT_ASSET_PATHS = "\"AppCommander/Preview Content\"";
				DEVELOPMENT_TEAM = "";
				ENABLE_PREVIEWS = YES;
				GENERATE_INFOPLIST_FILE = YES;
				INFOPLIST_FILE = "AppCommander-Info.plist";
				INFOPLIST_KEY_CFBundleDisplayName = AppCommander;
				INFOPLIST_KEY_LSApplicationCategoryType = "public.app-category.utilities";
				INFOPLIST_KEY_NSAppleMusicUsageDescription = "Grant full disk access. Required for app functionality.";
				INFOPLIST_KEY_UIApplicationSceneManifest_Generation = YES;
				INFOPLIST_KEY_UIApplicationSupportsIndirectInputEvents = YES;
				INFOPLIST_KEY_UILaunchScreen_Generation = YES;
				INFOPLIST_KEY_UISupportedInterfaceOrientations = UIInterfaceOrientationPortrait;
				INFOPLIST_KEY_UISupportedInterfaceOrientations_iPad = "UIInterfaceOrientationLandscapeLeft UIInterfaceOrientationLandscapeRight UIInterfaceOrientationPortrait UIInterfaceOrientationPortraitUpsideDown";
				INFOPLIST_KEY_UISupportsDocumentBrowser = NO;
				IPHONEOS_DEPLOYMENT_TARGET = 15.5;
				LD_RUNPATH_SEARCH_PATHS = (
					"$(inherited)",
					"@executable_path/Frameworks",
				);
				MARKETING_VERSION = 0.2.0;
				OTHER_LDFLAGS = "-v";
				PRODUCT_BUNDLE_IDENTIFIER = ca.bomberfish.AppCommander;
				PRODUCT_NAME = "$(TARGET_NAME)";
				PROVISIONING_PROFILE_SPECIFIER = "";
				SWIFT_EMIT_LOC_STRINGS = YES;
				SWIFT_OBJC_BRIDGING_HEADER = "AppCommander/ObjC/AppCommander-Bridging-Header.h";
				SWIFT_VERSION = 5.0;
				TARGETED_DEVICE_FAMILY = "1,2";
			};
			name = Release;
		};
		D6E552A529B165420083E6A5 /* Debug */ = {
			isa = XCBuildConfiguration;
			buildSettings = {
				ALWAYS_EMBED_SWIFT_STANDARD_LIBRARIES = YES;
				BUNDLE_LOADER = "$(TEST_HOST)";
				CODE_SIGN_STYLE = Automatic;
				CURRENT_PROJECT_VERSION = 1;
				DEVELOPMENT_TEAM = 8JKVMYCRTJ;
				GENERATE_INFOPLIST_FILE = YES;
				INFOPLIST_KEY_NSAppleMusicUsageDescription = "Grant full disk access. Required for app functionality.";
				IPHONEOS_DEPLOYMENT_TARGET = 16.2;
				MARKETING_VERSION = 1.0;
				PRODUCT_BUNDLE_IDENTIFIER = ca.bomberfish.CacheTests;
				PRODUCT_NAME = "$(TARGET_NAME)";
				SWIFT_EMIT_LOC_STRINGS = NO;
				SWIFT_VERSION = 5.0;
				TARGETED_DEVICE_FAMILY = "1,2";
				TEST_HOST = "$(BUILT_PRODUCTS_DIR)/AppCommander.app/$(BUNDLE_EXECUTABLE_FOLDER_PATH)/AppCommander";
			};
			name = Debug;
		};
		D6E552A629B165420083E6A5 /* Release */ = {
			isa = XCBuildConfiguration;
			buildSettings = {
				ALWAYS_EMBED_SWIFT_STANDARD_LIBRARIES = YES;
				BUNDLE_LOADER = "$(TEST_HOST)";
				CODE_SIGN_STYLE = Automatic;
				CURRENT_PROJECT_VERSION = 1;
				DEVELOPMENT_TEAM = 8JKVMYCRTJ;
				GENERATE_INFOPLIST_FILE = YES;
				INFOPLIST_KEY_NSAppleMusicUsageDescription = "Grant full disk access. Required for app functionality.";
				IPHONEOS_DEPLOYMENT_TARGET = 16.2;
				MARKETING_VERSION = 1.0;
				PRODUCT_BUNDLE_IDENTIFIER = ca.bomberfish.CacheTests;
				PRODUCT_NAME = "$(TARGET_NAME)";
				SWIFT_EMIT_LOC_STRINGS = NO;
				SWIFT_VERSION = 5.0;
				TARGETED_DEVICE_FAMILY = "1,2";
				TEST_HOST = "$(BUILT_PRODUCTS_DIR)/AppCommander.app/$(BUNDLE_EXECUTABLE_FOLDER_PATH)/AppCommander";
			};
			name = Release;
		};
		D6E552A829B165420083E6A5 /* Debug */ = {
			isa = XCBuildConfiguration;
			buildSettings = {
				ALWAYS_EMBED_SWIFT_STANDARD_LIBRARIES = YES;
				CODE_SIGN_STYLE = Automatic;
				CURRENT_PROJECT_VERSION = 1;
				DEVELOPMENT_TEAM = 8JKVMYCRTJ;
				GENERATE_INFOPLIST_FILE = YES;
				INFOPLIST_KEY_NSAppleMusicUsageDescription = "Grant full disk access. Required for app functionality.";
				MARKETING_VERSION = 1.0;
				PRODUCT_BUNDLE_IDENTIFIER = ca.bomberfish.CacheUITests;
				PRODUCT_NAME = "$(TARGET_NAME)";
				SWIFT_EMIT_LOC_STRINGS = NO;
				SWIFT_VERSION = 5.0;
				TARGETED_DEVICE_FAMILY = "1,2";
				TEST_TARGET_NAME = Cache;
			};
			name = Debug;
		};
		D6E552A929B165420083E6A5 /* Release */ = {
			isa = XCBuildConfiguration;
			buildSettings = {
				ALWAYS_EMBED_SWIFT_STANDARD_LIBRARIES = YES;
				CODE_SIGN_STYLE = Automatic;
				CURRENT_PROJECT_VERSION = 1;
				DEVELOPMENT_TEAM = 8JKVMYCRTJ;
				GENERATE_INFOPLIST_FILE = YES;
				INFOPLIST_KEY_NSAppleMusicUsageDescription = "Grant full disk access. Required for app functionality.";
				MARKETING_VERSION = 1.0;
				PRODUCT_BUNDLE_IDENTIFIER = ca.bomberfish.CacheUITests;
				PRODUCT_NAME = "$(TARGET_NAME)";
				SWIFT_EMIT_LOC_STRINGS = NO;
				SWIFT_VERSION = 5.0;
				TARGETED_DEVICE_FAMILY = "1,2";
				TEST_TARGET_NAME = Cache;
			};
			name = Release;
		};
/* End XCBuildConfiguration section */

/* Begin XCConfigurationList section */
		D6E5527829B165400083E6A5 /* Build configuration list for PBXProject "AppCommander" */ = {
			isa = XCConfigurationList;
			buildConfigurations = (
				D6E5529F29B165420083E6A5 /* Debug */,
				D6E552A029B165420083E6A5 /* Release */,
			);
			defaultConfigurationIsVisible = 0;
			defaultConfigurationName = Release;
		};
		D6E552A129B165420083E6A5 /* Build configuration list for PBXNativeTarget "AppCommander" */ = {
			isa = XCConfigurationList;
			buildConfigurations = (
				D6E552A229B165420083E6A5 /* Debug */,
				D6E552A329B165420083E6A5 /* Release */,
			);
			defaultConfigurationIsVisible = 0;
			defaultConfigurationName = Release;
		};
		D6E552A429B165420083E6A5 /* Build configuration list for PBXNativeTarget "AppCommanderTests" */ = {
			isa = XCConfigurationList;
			buildConfigurations = (
				D6E552A529B165420083E6A5 /* Debug */,
				D6E552A629B165420083E6A5 /* Release */,
			);
			defaultConfigurationIsVisible = 0;
			defaultConfigurationName = Release;
		};
		D6E552A729B165420083E6A5 /* Build configuration list for PBXNativeTarget "AppCommanderUITests" */ = {
			isa = XCConfigurationList;
			buildConfigurations = (
				D6E552A829B165420083E6A5 /* Debug */,
				D6E552A929B165420083E6A5 /* Release */,
			);
			defaultConfigurationIsVisible = 0;
			defaultConfigurationName = Release;
		};
/* End XCConfigurationList section */

/* Begin XCRemoteSwiftPackageReference section */
		D6039E7D29E484DE002F91D7 /* XCRemoteSwiftPackageReference "DirtyCowKit" */ = {
			isa = XCRemoteSwiftPackageReference;
			repositoryURL = "https://github.com/BomberFish/DirtyCowKit";
			requirement = {
				branch = main;
				kind = branch;
			};
		};
		D64A00CE29FEAC220000F32C /* XCRemoteSwiftPackageReference "FLEX" */ = {
			isa = XCRemoteSwiftPackageReference;
			repositoryURL = "https://github.com/FLEXTool/FLEX";
			requirement = {
				kind = upToNextMajorVersion;
				minimumVersion = 5.0.0;
			};
		};
		D6D22B6029C64AC20095645B /* XCRemoteSwiftPackageReference "LocalConsole" */ = {
			isa = XCRemoteSwiftPackageReference;
			repositoryURL = "https://github.com/BomberFish/LocalConsole";
			requirement = {
				branch = main;
				kind = branch;
			};
		};
		D6E3FC7929CDCBF000D019D1 /* XCRemoteSwiftPackageReference "Dynamic" */ = {
			isa = XCRemoteSwiftPackageReference;
			repositoryURL = "https://github.com/mhdhejazi/Dynamic";
			requirement = {
				kind = upToNextMajorVersion;
				minimumVersion = 1.0.0;
			};
		};
		D6E3FC7C29CDCC2000D019D1 /* XCRemoteSwiftPackageReference "PrivateKits" */ = {
			isa = XCRemoteSwiftPackageReference;
			repositoryURL = "https://github.com/SerenaKit/PrivateKits";
			requirement = {
				branch = main;
				kind = branch;
			};
		};
		D6E552C729B2D60D0083E6A5 /* XCRemoteSwiftPackageReference "MarqueeText" */ = {
			isa = XCRemoteSwiftPackageReference;
			repositoryURL = "https://github.com/joekndy/MarqueeText";
			requirement = {
				branch = master;
				kind = branch;
			};
		};
		D6E6CF5F29EB53F6009FC842 /* XCRemoteSwiftPackageReference "FilePicker" */ = {
			isa = XCRemoteSwiftPackageReference;
			repositoryURL = "https://github.com/markrenaud/FilePicker";
			requirement = {
				kind = upToNextMajorVersion;
				minimumVersion = 1.0.0;
			};
		};
		D6EF35F229F04BC800E43042 /* XCRemoteSwiftPackageReference "AbsoluteSolver-iOS" */ = {
			isa = XCRemoteSwiftPackageReference;
			repositoryURL = "https://github.com/BomberFish/AbsoluteSolver-iOS";
			requirement = {
				branch = main;
				kind = branch;
			};
		};
		D6EF362B29F1F3C800E43042 /* XCRemoteSwiftPackageReference "FluidGradient" */ = {
			isa = XCRemoteSwiftPackageReference;
			repositoryURL = "https://github.com/Cindori/FluidGradient";
			requirement = {
				kind = upToNextMajorVersion;
				minimumVersion = 1.0.0;
			};
		};
/* End XCRemoteSwiftPackageReference section */

/* Begin XCSwiftPackageProductDependency section */
		D6039E7E29E484DE002F91D7 /* DirtyCowKit */ = {
			isa = XCSwiftPackageProductDependency;
			package = D6039E7D29E484DE002F91D7 /* XCRemoteSwiftPackageReference "DirtyCowKit" */;
			productName = DirtyCowKit;
		};
		D64A00CF29FEAC220000F32C /* FLEX */ = {
			isa = XCSwiftPackageProductDependency;
			package = D64A00CE29FEAC220000F32C /* XCRemoteSwiftPackageReference "FLEX" */;
			productName = FLEX;
		};
		D6609A9929D73D680033F66D /* CompressionWrapper */ = {
			isa = XCSwiftPackageProductDependency;
			package = D6E3FC7C29CDCC2000D019D1 /* XCRemoteSwiftPackageReference "PrivateKits" */;
			productName = CompressionWrapper;
		};
		D6609A9B29D73D680033F66D /* DiskImagesWrapper */ = {
			isa = XCSwiftPackageProductDependency;
			package = D6E3FC7C29CDCC2000D019D1 /* XCRemoteSwiftPackageReference "PrivateKits" */;
			productName = DiskImagesWrapper;
		};
		D6609A9F29D73D680033F66D /* NSTask */ = {
			isa = XCSwiftPackageProductDependency;
			package = D6E3FC7C29CDCC2000D019D1 /* XCRemoteSwiftPackageReference "PrivateKits" */;
			productName = NSTask;
		};
		D6D22B6129C64AC20095645B /* LocalConsole */ = {
			isa = XCSwiftPackageProductDependency;
			package = D6D22B6029C64AC20095645B /* XCRemoteSwiftPackageReference "LocalConsole" */;
			productName = LocalConsole;
		};
		D6E3FC7A29CDCBF000D019D1 /* Dynamic */ = {
			isa = XCSwiftPackageProductDependency;
			package = D6E3FC7929CDCBF000D019D1 /* XCRemoteSwiftPackageReference "Dynamic" */;
			productName = Dynamic;
		};
		D6E3FC7F29CDCC2000D019D1 /* AssetCatalogWrapper */ = {
			isa = XCSwiftPackageProductDependency;
			package = D6E3FC7C29CDCC2000D019D1 /* XCRemoteSwiftPackageReference "PrivateKits" */;
			productName = AssetCatalogWrapper;
		};
		D6E552C829B2D60D0083E6A5 /* MarqueeText */ = {
			isa = XCSwiftPackageProductDependency;
			package = D6E552C729B2D60D0083E6A5 /* XCRemoteSwiftPackageReference "MarqueeText" */;
			productName = MarqueeText;
		};
		D6E6CF6029EB53F6009FC842 /* FilePicker */ = {
			isa = XCSwiftPackageProductDependency;
			package = D6E6CF5F29EB53F6009FC842 /* XCRemoteSwiftPackageReference "FilePicker" */;
			productName = FilePicker;
		};
		D6EF35F329F04BC800E43042 /* AbsoluteSolver */ = {
			isa = XCSwiftPackageProductDependency;
			package = D6EF35F229F04BC800E43042 /* XCRemoteSwiftPackageReference "AbsoluteSolver-iOS" */;
			productName = AbsoluteSolver;
		};
		D6EF362C29F1F3C800E43042 /* FluidGradient */ = {
			isa = XCSwiftPackageProductDependency;
			package = D6EF362B29F1F3C800E43042 /* XCRemoteSwiftPackageReference "FluidGradient" */;
			productName = FluidGradient;
		};
/* End XCSwiftPackageProductDependency section */
	};
	rootObject = D6E5527529B165400083E6A5 /* Project object */;
}
